// !$*UTF8*$!
{
	archiveVersion = 1;
	classes = {
	};
	objectVersion = 55;
	objects = {

/* Begin PBXBuildFile section */
		20F6F26E29A62676004D5C4B /* Moya+AsyncSequence.swift in Sources */ = {isa = PBXBuildFile; fileRef = 20F6F26A29A62675004D5C4B /* Moya+AsyncSequence.swift */; };
		20F6F26F29A62676004D5C4B /* MoyaProvider+Async.swift in Sources */ = {isa = PBXBuildFile; fileRef = 20F6F26B29A62675004D5C4B /* MoyaProvider+Async.swift */; };
		20F6F27029A62676004D5C4B /* AsyncRequestWrapper.swift in Sources */ = {isa = PBXBuildFile; fileRef = 20F6F26C29A62675004D5C4B /* AsyncRequestWrapper.swift */; };
		20F6F27129A62676004D5C4B /* AsyncTask.swift in Sources */ = {isa = PBXBuildFile; fileRef = 20F6F26D29A62676004D5C4B /* AsyncTask.swift */; };
		FB45ACE7288BECAE00626EA7 /* SYMoyaNetwork.framework in Frameworks */ = {isa = PBXBuildFile; fileRef = FB8072EE26F32C070042B30D /* SYMoyaNetwork.framework */; };
		FB45ACEC288BECB700626EA7 /* SYMoyaNetwork.framework in Frameworks */ = {isa = PBXBuildFile; fileRef = FB8072EE26F32C070042B30D /* SYMoyaNetwork.framework */; };
		FB45ACF1288BEDDB00626EA7 /* Response+ObjectMapper.swift in Sources */ = {isa = PBXBuildFile; fileRef = FB6354682705A61E003F1D7C /* Response+ObjectMapper.swift */; };
		FB45ACF2288BEDDB00626EA7 /* SYMoyaProvider+ObjectMapper.swift in Sources */ = {isa = PBXBuildFile; fileRef = FB6354692705A61E003F1D7C /* SYMoyaProvider+ObjectMapper.swift */; };
		FB45ACF3288BEDE500626EA7 /* SYMoyaProvider+HandyJSON.swift in Sources */ = {isa = PBXBuildFile; fileRef = FB6354782705A61E003F1D7C /* SYMoyaProvider+HandyJSON.swift */; };
		FB45ACF4288BEDE500626EA7 /* Response+HandyJSON.swift in Sources */ = {isa = PBXBuildFile; fileRef = FB6354792705A61E003F1D7C /* Response+HandyJSON.swift */; };
		FB45ACF8288BEFA700626EA7 /* SYHandyJSON.h in Headers */ = {isa = PBXBuildFile; fileRef = FB45ACF7288BEFA600626EA7 /* SYHandyJSON.h */; settings = {ATTRIBUTES = (Public, ); }; };
		FB45ACFC288BEFCA00626EA7 /* SYObjectMapper.h in Headers */ = {isa = PBXBuildFile; fileRef = FB45ACFB288BEFCA00626EA7 /* SYObjectMapper.h */; settings = {ATTRIBUTES = (Public, ); }; };
		FB63547F2705A61E003F1D7C /* Storage.swift in Sources */ = {isa = PBXBuildFile; fileRef = FB63544A2705A61D003F1D7C /* Storage.swift */; };
		FB6354802705A61E003F1D7C /* MemoryStorage.swift in Sources */ = {isa = PBXBuildFile; fileRef = FB63544B2705A61D003F1D7C /* MemoryStorage.swift */; };
		FB6354812705A61E003F1D7C /* DiskStorage.swift in Sources */ = {isa = PBXBuildFile; fileRef = FB63544C2705A61D003F1D7C /* DiskStorage.swift */; };
		FB6354822705A61E003F1D7C /* CacheSerializer.swift in Sources */ = {isa = PBXBuildFile; fileRef = FB63544D2705A61D003F1D7C /* CacheSerializer.swift */; };
		FB6354832705A61E003F1D7C /* NetworkCache.swift in Sources */ = {isa = PBXBuildFile; fileRef = FB63544E2705A61D003F1D7C /* NetworkCache.swift */; };
		FB6354842705A61E003F1D7C /* SYMoyaNetworkOptionsInfo.swift in Sources */ = {isa = PBXBuildFile; fileRef = FB63544F2705A61D003F1D7C /* SYMoyaNetworkOptionsInfo.swift */; };
		FB6354852705A61E003F1D7C /* NetworkCacheType.swift in Sources */ = {isa = PBXBuildFile; fileRef = FB6354502705A61D003F1D7C /* NetworkCacheType.swift */; };
		FB6354862705A61E003F1D7C /* SYMoyaNetworkLoggerPlugin.swift in Sources */ = {isa = PBXBuildFile; fileRef = FB6354522705A61D003F1D7C /* SYMoyaNetworkLoggerPlugin.swift */; };
		FB6354872705A61E003F1D7C /* SYMoyaProvider+Image.swift in Sources */ = {isa = PBXBuildFile; fileRef = FB6354542705A61D003F1D7C /* SYMoyaProvider+Image.swift */; };
		FB6354882705A61E003F1D7C /* SYMoyaChainRequestProvider.swift in Sources */ = {isa = PBXBuildFile; fileRef = FB6354562705A61D003F1D7C /* SYMoyaChainRequestProvider.swift */; };
		FB6354892705A61E003F1D7C /* SYMoyaProvider+JSON.swift in Sources */ = {isa = PBXBuildFile; fileRef = FB6354582705A61E003F1D7C /* SYMoyaProvider+JSON.swift */; };
		FB63548B2705A61E003F1D7C /* SYMoyaURLCache.swift in Sources */ = {isa = PBXBuildFile; fileRef = FB63545C2705A61E003F1D7C /* SYMoyaURLCache.swift */; };
		FB63548C2705A61E003F1D7C /* SYMoyaProvider+URLCache.swift in Sources */ = {isa = PBXBuildFile; fileRef = FB63545D2705A61E003F1D7C /* SYMoyaProvider+URLCache.swift */; };
		FB63548D2705A61E003F1D7C /* SYMoyaProvider+SwiftyJSON.swift in Sources */ = {isa = PBXBuildFile; fileRef = FB63545F2705A61E003F1D7C /* SYMoyaProvider+SwiftyJSON.swift */; };
		FB63548E2705A61E003F1D7C /* Response+SwiftyJSON.swift in Sources */ = {isa = PBXBuildFile; fileRef = FB6354602705A61E003F1D7C /* Response+SwiftyJSON.swift */; };
		FB63548F2705A61E003F1D7C /* SYMoyaProvider+Codable.swift in Sources */ = {isa = PBXBuildFile; fileRef = FB6354622705A61E003F1D7C /* SYMoyaProvider+Codable.swift */; };
		FB6354902705A61E003F1D7C /* Response+Codable.swift in Sources */ = {isa = PBXBuildFile; fileRef = FB6354632705A61E003F1D7C /* Response+Codable.swift */; };
		FB6354912705A61E003F1D7C /* SYMoyaNetworkError.swift in Sources */ = {isa = PBXBuildFile; fileRef = FB6354652705A61E003F1D7C /* SYMoyaNetworkError.swift */; };
		FB6354922705A61E003F1D7C /* MoyaError+Transform.swift in Sources */ = {isa = PBXBuildFile; fileRef = FB6354662705A61E003F1D7C /* MoyaError+Transform.swift */; };
		FB6354952705A61E003F1D7C /* SYMoyaProvider+String.swift in Sources */ = {isa = PBXBuildFile; fileRef = FB63546B2705A61E003F1D7C /* SYMoyaProvider+String.swift */; };
		FB6354962705A61E003F1D7C /* SYDataResponse.swift in Sources */ = {isa = PBXBuildFile; fileRef = FB63546D2705A61E003F1D7C /* SYDataResponse.swift */; };
		FB6354972705A61E003F1D7C /* Result+SYMoyaNetwork.swift in Sources */ = {isa = PBXBuildFile; fileRef = FB63546E2705A61E003F1D7C /* Result+SYMoyaNetwork.swift */; };
		FB6354982705A61E003F1D7C /* ResponseDataSourceType.swift in Sources */ = {isa = PBXBuildFile; fileRef = FB6354702705A61E003F1D7C /* ResponseDataSourceType.swift */; };
		FB6354992705A61E003F1D7C /* SYMoyaProvider.swift in Sources */ = {isa = PBXBuildFile; fileRef = FB6354712705A61E003F1D7C /* SYMoyaProvider.swift */; };
		FB63549A2705A61E003F1D7C /* URL+SYMoya.swift in Sources */ = {isa = PBXBuildFile; fileRef = FB6354722705A61E003F1D7C /* URL+SYMoya.swift */; };
		FB63549B2705A61E003F1D7C /* SYTargetType.swift in Sources */ = {isa = PBXBuildFile; fileRef = FB6354732705A61E003F1D7C /* SYTargetType.swift */; };
		FB63549C2705A61E003F1D7C /* SYMoyaProvider+Cache.swift in Sources */ = {isa = PBXBuildFile; fileRef = FB6354742705A61E003F1D7C /* SYMoyaProvider+Cache.swift */; };
		FB63549D2705A61E003F1D7C /* NetworkConfig.swift in Sources */ = {isa = PBXBuildFile; fileRef = FB6354762705A61E003F1D7C /* NetworkConfig.swift */; };
		FB6354A02705A61E003F1D7C /* Response+CacheCostCalculable.swift in Sources */ = {isa = PBXBuildFile; fileRef = FB63547B2705A61E003F1D7C /* Response+CacheCostCalculable.swift */; };
		FB6354A12705A61E003F1D7C /* CallbackQueue.swift in Sources */ = {isa = PBXBuildFile; fileRef = FB63547C2705A61E003F1D7C /* CallbackQueue.swift */; };
		FB6354A22705A61E003F1D7C /* String+MD5.swift in Sources */ = {isa = PBXBuildFile; fileRef = FB63547D2705A61E003F1D7C /* String+MD5.swift */; };
		FB6354A32705A61E003F1D7C /* Date+Extensions.swift in Sources */ = {isa = PBXBuildFile; fileRef = FB63547E2705A61E003F1D7C /* Date+Extensions.swift */; };
		FB65207728A48E06009457DD /* SYMoyaProviderTargetResponseStatePlugin.swift in Sources */ = {isa = PBXBuildFile; fileRef = FB9E2D1E28A40D2A001F73FC /* SYMoyaProviderTargetResponseStatePlugin.swift */; };
		FB65207A28A4FBB8009457DD /* SYMoyaBatchRequestProvider.swift in Sources */ = {isa = PBXBuildFile; fileRef = FB65207928A4FBB8009457DD /* SYMoyaBatchRequestProvider.swift */; };
		FB668FC028D3596F00AE74F4 /* SYMoyaPublisher.swift in Sources */ = {isa = PBXBuildFile; fileRef = FB668FBF28D3596F00AE74F4 /* SYMoyaPublisher.swift */; };
		FB6A3A29287BB48900454481 /* HTTPStatusCode.swift in Sources */ = {isa = PBXBuildFile; fileRef = FB6A3A28287BB48900454481 /* HTTPStatusCode.swift */; };
		FB6A3A2B287BB49200454481 /* HTTPStatusCodes+Extensions.swift in Sources */ = {isa = PBXBuildFile; fileRef = FB6A3A2A287BB49200454481 /* HTTPStatusCodes+Extensions.swift */; };
		FB8072F826F32C070042B30D /* SYMoyaNetwork.framework in Frameworks */ = {isa = PBXBuildFile; fileRef = FB8072EE26F32C070042B30D /* SYMoyaNetwork.framework */; };
		FB8072FF26F32C070042B30D /* SYMoyaNetwork.h in Headers */ = {isa = PBXBuildFile; fileRef = FB8072F126F32C070042B30D /* SYMoyaNetwork.h */; settings = {ATTRIBUTES = (Public, ); }; };
		FB9E2CC328A204B4001F73FC /* AppDelegate.swift in Sources */ = {isa = PBXBuildFile; fileRef = FB9E2CC228A204B4001F73FC /* AppDelegate.swift */; };
		FB9E2CC528A204B4001F73FC /* SceneDelegate.swift in Sources */ = {isa = PBXBuildFile; fileRef = FB9E2CC428A204B4001F73FC /* SceneDelegate.swift */; };
		FB9E2CC728A204B4001F73FC /* ViewController.swift in Sources */ = {isa = PBXBuildFile; fileRef = FB9E2CC628A204B4001F73FC /* ViewController.swift */; };
		FB9E2CCA28A204B4001F73FC /* Main.storyboard in Resources */ = {isa = PBXBuildFile; fileRef = FB9E2CC828A204B4001F73FC /* Main.storyboard */; };
		FB9E2CCC28A204B5001F73FC /* Assets.xcassets in Resources */ = {isa = PBXBuildFile; fileRef = FB9E2CCB28A204B5001F73FC /* Assets.xcassets */; };
		FB9E2CCF28A204B5001F73FC /* LaunchScreen.storyboard in Resources */ = {isa = PBXBuildFile; fileRef = FB9E2CCD28A204B5001F73FC /* LaunchScreen.storyboard */; };
		FB9E2CDA28A204B6001F73FC /* SYMoyaNetworkExampleTests.swift in Sources */ = {isa = PBXBuildFile; fileRef = FB9E2CD928A204B6001F73FC /* SYMoyaNetworkExampleTests.swift */; };
		FB9E2CE428A204B6001F73FC /* SYMoyaNetworkExampleUITests.swift in Sources */ = {isa = PBXBuildFile; fileRef = FB9E2CE328A204B6001F73FC /* SYMoyaNetworkExampleUITests.swift */; };
		FB9E2CE628A204B6001F73FC /* SYMoyaNetworkExampleUITestsLaunchTests.swift in Sources */ = {isa = PBXBuildFile; fileRef = FB9E2CE528A204B6001F73FC /* SYMoyaNetworkExampleUITestsLaunchTests.swift */; };
		FB9E2CF728A20560001F73FC /* SYMoyaNetwork.framework in Frameworks */ = {isa = PBXBuildFile; fileRef = FB8072EE26F32C070042B30D /* SYMoyaNetwork.framework */; };
		FB9E2CF828A20582001F73FC /* SYMoyaNetwork.framework in Frameworks */ = {isa = PBXBuildFile; fileRef = FB8072EE26F32C070042B30D /* SYMoyaNetwork.framework */; };
		FB9E2D0528A20B39001F73FC /* SYMoyaNetwork.framework in Frameworks */ = {isa = PBXBuildFile; fileRef = FB8072EE26F32C070042B30D /* SYMoyaNetwork.framework */; platformFilters = (ios, macos, tvos, ); };
		FB9E2D0628A20B39001F73FC /* SYMoyaNetwork.framework in Embed Frameworks */ = {isa = PBXBuildFile; fileRef = FB8072EE26F32C070042B30D /* SYMoyaNetwork.framework */; platformFilters = (ios, macos, tvos, ); settings = {ATTRIBUTES = (CodeSignOnCopy, RemoveHeadersOnCopy, ); }; };
		FB9E2D1128A20C26001F73FC /* GitHubUserContentAPI.swift in Sources */ = {isa = PBXBuildFile; fileRef = FB9E2D0E28A20C25001F73FC /* GitHubUserContentAPI.swift */; };
		FB9E2D1228A20C26001F73FC /* GitHubAPI.swift in Sources */ = {isa = PBXBuildFile; fileRef = FB9E2D0F28A20C25001F73FC /* GitHubAPI.swift */; };
		FB9E2D1328A20C26001F73FC /* GiphyAPI.swift in Sources */ = {isa = PBXBuildFile; fileRef = FB9E2D1028A20C26001F73FC /* GiphyAPI.swift */; };
		FB9E2D1628A2105D001F73FC /* ResponseViewController.swift in Sources */ = {isa = PBXBuildFile; fileRef = FB9E2D1428A2105D001F73FC /* ResponseViewController.swift */; };
		FB9E2D1728A2105D001F73FC /* ResponseViewController.xib in Resources */ = {isa = PBXBuildFile; fileRef = FB9E2D1528A2105D001F73FC /* ResponseViewController.xib */; };
		FB9E2D1A28A21BF4001F73FC /* BatchResponseViewController.swift in Sources */ = {isa = PBXBuildFile; fileRef = FB9E2D1828A21BF4001F73FC /* BatchResponseViewController.swift */; };
		FB9E2D1B28A21BF4001F73FC /* BatchResponseViewController.xib in Resources */ = {isa = PBXBuildFile; fileRef = FB9E2D1928A21BF4001F73FC /* BatchResponseViewController.xib */; };
		FBEE35632A1BC361001AFD6C /* Moya.xcframework in Frameworks */ = {isa = PBXBuildFile; fileRef = 20F6F26129A623D0004D5C4B /* Moya.xcframework */; };
		FBEE35642A1BC36F001AFD6C /* ObjectMapper.xcframework in Frameworks */ = {isa = PBXBuildFile; fileRef = 20F6F25E29A623D0004D5C4B /* ObjectMapper.xcframework */; };
		FBEE35652A1BC37D001AFD6C /* HandyJSON.xcframework in Frameworks */ = {isa = PBXBuildFile; fileRef = 20F6F25F29A623D0004D5C4B /* HandyJSON.xcframework */; };
		FBEE35662A1BC384001AFD6C /* SwiftyJSON.xcframework in Frameworks */ = {isa = PBXBuildFile; fileRef = 20F6F26829A62409004D5C4B /* SwiftyJSON.xcframework */; };
		FBEE35672A1BC5A4001AFD6C /* Alamofire.xcframework in Frameworks */ = {isa = PBXBuildFile; fileRef = 20F6F26029A623D0004D5C4B /* Alamofire.xcframework */; };
/* End PBXBuildFile section */

/* Begin PBXContainerItemProxy section */
		FB45ACE9288BECAE00626EA7 /* PBXContainerItemProxy */ = {
			isa = PBXContainerItemProxy;
			containerPortal = FB8072E526F32C070042B30D /* Project object */;
			proxyType = 1;
			remoteGlobalIDString = FB8072ED26F32C070042B30D;
			remoteInfo = SYMoyaNetwork;
		};
		FB45ACEE288BECB700626EA7 /* PBXContainerItemProxy */ = {
			isa = PBXContainerItemProxy;
			containerPortal = FB8072E526F32C070042B30D /* Project object */;
			proxyType = 1;
			remoteGlobalIDString = FB8072ED26F32C070042B30D;
			remoteInfo = SYMoyaNetwork;
		};
		FB8072F926F32C070042B30D /* PBXContainerItemProxy */ = {
			isa = PBXContainerItemProxy;
			containerPortal = FB8072E526F32C070042B30D /* Project object */;
			proxyType = 1;
			remoteGlobalIDString = FB8072ED26F32C070042B30D;
			remoteInfo = SYMoyaNetwork;
		};
		FB9E2CD628A204B6001F73FC /* PBXContainerItemProxy */ = {
			isa = PBXContainerItemProxy;
			containerPortal = FB8072E526F32C070042B30D /* Project object */;
			proxyType = 1;
			remoteGlobalIDString = FB9E2CBF28A204B4001F73FC;
			remoteInfo = SYMoyaNetworkExample;
		};
		FB9E2CE028A204B6001F73FC /* PBXContainerItemProxy */ = {
			isa = PBXContainerItemProxy;
			containerPortal = FB8072E526F32C070042B30D /* Project object */;
			proxyType = 1;
			remoteGlobalIDString = FB9E2CBF28A204B4001F73FC;
			remoteInfo = SYMoyaNetworkExample;
		};
/* End PBXContainerItemProxy section */

/* Begin PBXCopyFilesBuildPhase section */
		FB9E2C8E28A16325001F73FC /* Embed Frameworks */ = {
			isa = PBXCopyFilesBuildPhase;
			buildActionMask = 2147483647;
			dstPath = "";
			dstSubfolderSpec = 10;
			files = (
			);
			name = "Embed Frameworks";
			runOnlyForDeploymentPostprocessing = 0;
		};
		FB9E2D0028A20B35001F73FC /* Embed Frameworks */ = {
			isa = PBXCopyFilesBuildPhase;
			buildActionMask = 2147483647;
			dstPath = "";
			dstSubfolderSpec = 10;
			files = (
				FB9E2D0628A20B39001F73FC /* SYMoyaNetwork.framework in Embed Frameworks */,
			);
			name = "Embed Frameworks";
			runOnlyForDeploymentPostprocessing = 0;
		};
/* End PBXCopyFilesBuildPhase section */

/* Begin PBXFileReference section */
		20F6F25E29A623D0004D5C4B /* ObjectMapper.xcframework */ = {isa = PBXFileReference; lastKnownFileType = wrapper.xcframework; name = ObjectMapper.xcframework; path = Carthage/Build/ObjectMapper.xcframework; sourceTree = "<group>"; };
		20F6F25F29A623D0004D5C4B /* HandyJSON.xcframework */ = {isa = PBXFileReference; lastKnownFileType = wrapper.xcframework; name = HandyJSON.xcframework; path = Carthage/Build/HandyJSON.xcframework; sourceTree = "<group>"; };
		20F6F26029A623D0004D5C4B /* Alamofire.xcframework */ = {isa = PBXFileReference; lastKnownFileType = wrapper.xcframework; name = Alamofire.xcframework; path = Carthage/Build/Alamofire.xcframework; sourceTree = "<group>"; };
		20F6F26129A623D0004D5C4B /* Moya.xcframework */ = {isa = PBXFileReference; lastKnownFileType = wrapper.xcframework; name = Moya.xcframework; path = Carthage/Build/Moya.xcframework; sourceTree = "<group>"; };
		20F6F26829A62409004D5C4B /* SwiftyJSON.xcframework */ = {isa = PBXFileReference; lastKnownFileType = wrapper.xcframework; name = SwiftyJSON.xcframework; path = Carthage/Build/SwiftyJSON.xcframework; sourceTree = "<group>"; };
		20F6F26A29A62675004D5C4B /* Moya+AsyncSequence.swift */ = {isa = PBXFileReference; fileEncoding = 4; lastKnownFileType = sourcecode.swift; path = "Moya+AsyncSequence.swift"; sourceTree = "<group>"; };
		20F6F26B29A62675004D5C4B /* MoyaProvider+Async.swift */ = {isa = PBXFileReference; fileEncoding = 4; lastKnownFileType = sourcecode.swift; path = "MoyaProvider+Async.swift"; sourceTree = "<group>"; };
		20F6F26C29A62675004D5C4B /* AsyncRequestWrapper.swift */ = {isa = PBXFileReference; fileEncoding = 4; lastKnownFileType = sourcecode.swift; path = AsyncRequestWrapper.swift; sourceTree = "<group>"; };
		20F6F26D29A62676004D5C4B /* AsyncTask.swift */ = {isa = PBXFileReference; fileEncoding = 4; lastKnownFileType = sourcecode.swift; path = AsyncTask.swift; sourceTree = "<group>"; };
		FB45ACBD288BEC2900626EA7 /* SYObjectMapper.framework */ = {isa = PBXFileReference; explicitFileType = wrapper.framework; includeInIndex = 0; path = SYObjectMapper.framework; sourceTree = BUILT_PRODUCTS_DIR; };
		FB45ACCB288BEC8F00626EA7 /* SYHandyJSON.framework */ = {isa = PBXFileReference; explicitFileType = wrapper.framework; includeInIndex = 0; path = SYHandyJSON.framework; sourceTree = BUILT_PRODUCTS_DIR; };
		FB45ACF7288BEFA600626EA7 /* SYHandyJSON.h */ = {isa = PBXFileReference; fileEncoding = 4; lastKnownFileType = sourcecode.c.h; path = SYHandyJSON.h; sourceTree = "<group>"; };
		FB45ACFB288BEFCA00626EA7 /* SYObjectMapper.h */ = {isa = PBXFileReference; fileEncoding = 4; lastKnownFileType = sourcecode.c.h; path = SYObjectMapper.h; sourceTree = "<group>"; };
		FB63544A2705A61D003F1D7C /* Storage.swift */ = {isa = PBXFileReference; fileEncoding = 4; lastKnownFileType = sourcecode.swift; path = Storage.swift; sourceTree = "<group>"; };
		FB63544B2705A61D003F1D7C /* MemoryStorage.swift */ = {isa = PBXFileReference; fileEncoding = 4; lastKnownFileType = sourcecode.swift; path = MemoryStorage.swift; sourceTree = "<group>"; };
		FB63544C2705A61D003F1D7C /* DiskStorage.swift */ = {isa = PBXFileReference; fileEncoding = 4; lastKnownFileType = sourcecode.swift; path = DiskStorage.swift; sourceTree = "<group>"; };
		FB63544D2705A61D003F1D7C /* CacheSerializer.swift */ = {isa = PBXFileReference; fileEncoding = 4; lastKnownFileType = sourcecode.swift; path = CacheSerializer.swift; sourceTree = "<group>"; };
		FB63544E2705A61D003F1D7C /* NetworkCache.swift */ = {isa = PBXFileReference; fileEncoding = 4; lastKnownFileType = sourcecode.swift; path = NetworkCache.swift; sourceTree = "<group>"; };
		FB63544F2705A61D003F1D7C /* SYMoyaNetworkOptionsInfo.swift */ = {isa = PBXFileReference; fileEncoding = 4; lastKnownFileType = sourcecode.swift; path = SYMoyaNetworkOptionsInfo.swift; sourceTree = "<group>"; };
		FB6354502705A61D003F1D7C /* NetworkCacheType.swift */ = {isa = PBXFileReference; fileEncoding = 4; lastKnownFileType = sourcecode.swift; path = NetworkCacheType.swift; sourceTree = "<group>"; };
		FB6354522705A61D003F1D7C /* SYMoyaNetworkLoggerPlugin.swift */ = {isa = PBXFileReference; fileEncoding = 4; lastKnownFileType = sourcecode.swift; path = SYMoyaNetworkLoggerPlugin.swift; sourceTree = "<group>"; };
		FB6354542705A61D003F1D7C /* SYMoyaProvider+Image.swift */ = {isa = PBXFileReference; fileEncoding = 4; lastKnownFileType = sourcecode.swift; path = "SYMoyaProvider+Image.swift"; sourceTree = "<group>"; };
		FB6354562705A61D003F1D7C /* SYMoyaChainRequestProvider.swift */ = {isa = PBXFileReference; fileEncoding = 4; lastKnownFileType = sourcecode.swift; path = SYMoyaChainRequestProvider.swift; sourceTree = "<group>"; };
		FB6354582705A61E003F1D7C /* SYMoyaProvider+JSON.swift */ = {isa = PBXFileReference; fileEncoding = 4; lastKnownFileType = sourcecode.swift; path = "SYMoyaProvider+JSON.swift"; sourceTree = "<group>"; };
		FB63545C2705A61E003F1D7C /* SYMoyaURLCache.swift */ = {isa = PBXFileReference; fileEncoding = 4; lastKnownFileType = sourcecode.swift; path = SYMoyaURLCache.swift; sourceTree = "<group>"; };
		FB63545D2705A61E003F1D7C /* SYMoyaProvider+URLCache.swift */ = {isa = PBXFileReference; fileEncoding = 4; lastKnownFileType = sourcecode.swift; path = "SYMoyaProvider+URLCache.swift"; sourceTree = "<group>"; };
		FB63545F2705A61E003F1D7C /* SYMoyaProvider+SwiftyJSON.swift */ = {isa = PBXFileReference; fileEncoding = 4; lastKnownFileType = sourcecode.swift; path = "SYMoyaProvider+SwiftyJSON.swift"; sourceTree = "<group>"; };
		FB6354602705A61E003F1D7C /* Response+SwiftyJSON.swift */ = {isa = PBXFileReference; fileEncoding = 4; lastKnownFileType = sourcecode.swift; path = "Response+SwiftyJSON.swift"; sourceTree = "<group>"; };
		FB6354622705A61E003F1D7C /* SYMoyaProvider+Codable.swift */ = {isa = PBXFileReference; fileEncoding = 4; lastKnownFileType = sourcecode.swift; path = "SYMoyaProvider+Codable.swift"; sourceTree = "<group>"; };
		FB6354632705A61E003F1D7C /* Response+Codable.swift */ = {isa = PBXFileReference; fileEncoding = 4; lastKnownFileType = sourcecode.swift; path = "Response+Codable.swift"; sourceTree = "<group>"; };
		FB6354652705A61E003F1D7C /* SYMoyaNetworkError.swift */ = {isa = PBXFileReference; fileEncoding = 4; lastKnownFileType = sourcecode.swift; path = SYMoyaNetworkError.swift; sourceTree = "<group>"; };
		FB6354662705A61E003F1D7C /* MoyaError+Transform.swift */ = {isa = PBXFileReference; fileEncoding = 4; lastKnownFileType = sourcecode.swift; path = "MoyaError+Transform.swift"; sourceTree = "<group>"; };
		FB6354682705A61E003F1D7C /* Response+ObjectMapper.swift */ = {isa = PBXFileReference; fileEncoding = 4; lastKnownFileType = sourcecode.swift; path = "Response+ObjectMapper.swift"; sourceTree = "<group>"; };
		FB6354692705A61E003F1D7C /* SYMoyaProvider+ObjectMapper.swift */ = {isa = PBXFileReference; fileEncoding = 4; lastKnownFileType = sourcecode.swift; path = "SYMoyaProvider+ObjectMapper.swift"; sourceTree = "<group>"; };
		FB63546B2705A61E003F1D7C /* SYMoyaProvider+String.swift */ = {isa = PBXFileReference; fileEncoding = 4; lastKnownFileType = sourcecode.swift; path = "SYMoyaProvider+String.swift"; sourceTree = "<group>"; };
		FB63546D2705A61E003F1D7C /* SYDataResponse.swift */ = {isa = PBXFileReference; fileEncoding = 4; lastKnownFileType = sourcecode.swift; path = SYDataResponse.swift; sourceTree = "<group>"; };
		FB63546E2705A61E003F1D7C /* Result+SYMoyaNetwork.swift */ = {isa = PBXFileReference; fileEncoding = 4; lastKnownFileType = sourcecode.swift; path = "Result+SYMoyaNetwork.swift"; sourceTree = "<group>"; };
		FB6354702705A61E003F1D7C /* ResponseDataSourceType.swift */ = {isa = PBXFileReference; fileEncoding = 4; lastKnownFileType = sourcecode.swift; path = ResponseDataSourceType.swift; sourceTree = "<group>"; };
		FB6354712705A61E003F1D7C /* SYMoyaProvider.swift */ = {isa = PBXFileReference; fileEncoding = 4; lastKnownFileType = sourcecode.swift; path = SYMoyaProvider.swift; sourceTree = "<group>"; };
		FB6354722705A61E003F1D7C /* URL+SYMoya.swift */ = {isa = PBXFileReference; fileEncoding = 4; lastKnownFileType = sourcecode.swift; path = "URL+SYMoya.swift"; sourceTree = "<group>"; };
		FB6354732705A61E003F1D7C /* SYTargetType.swift */ = {isa = PBXFileReference; fileEncoding = 4; lastKnownFileType = sourcecode.swift; path = SYTargetType.swift; sourceTree = "<group>"; };
		FB6354742705A61E003F1D7C /* SYMoyaProvider+Cache.swift */ = {isa = PBXFileReference; fileEncoding = 4; lastKnownFileType = sourcecode.swift; path = "SYMoyaProvider+Cache.swift"; sourceTree = "<group>"; };
		FB6354762705A61E003F1D7C /* NetworkConfig.swift */ = {isa = PBXFileReference; fileEncoding = 4; lastKnownFileType = sourcecode.swift; path = NetworkConfig.swift; sourceTree = "<group>"; };
		FB6354782705A61E003F1D7C /* SYMoyaProvider+HandyJSON.swift */ = {isa = PBXFileReference; fileEncoding = 4; lastKnownFileType = sourcecode.swift; path = "SYMoyaProvider+HandyJSON.swift"; sourceTree = "<group>"; };
		FB6354792705A61E003F1D7C /* Response+HandyJSON.swift */ = {isa = PBXFileReference; fileEncoding = 4; lastKnownFileType = sourcecode.swift; path = "Response+HandyJSON.swift"; sourceTree = "<group>"; };
		FB63547B2705A61E003F1D7C /* Response+CacheCostCalculable.swift */ = {isa = PBXFileReference; fileEncoding = 4; lastKnownFileType = sourcecode.swift; path = "Response+CacheCostCalculable.swift"; sourceTree = "<group>"; };
		FB63547C2705A61E003F1D7C /* CallbackQueue.swift */ = {isa = PBXFileReference; fileEncoding = 4; lastKnownFileType = sourcecode.swift; path = CallbackQueue.swift; sourceTree = "<group>"; };
		FB63547D2705A61E003F1D7C /* String+MD5.swift */ = {isa = PBXFileReference; fileEncoding = 4; lastKnownFileType = sourcecode.swift; path = "String+MD5.swift"; sourceTree = "<group>"; };
		FB63547E2705A61E003F1D7C /* Date+Extensions.swift */ = {isa = PBXFileReference; fileEncoding = 4; lastKnownFileType = sourcecode.swift; path = "Date+Extensions.swift"; sourceTree = "<group>"; };
		FB65207928A4FBB8009457DD /* SYMoyaBatchRequestProvider.swift */ = {isa = PBXFileReference; fileEncoding = 4; lastKnownFileType = sourcecode.swift; path = SYMoyaBatchRequestProvider.swift; sourceTree = "<group>"; };
		FB668FBF28D3596F00AE74F4 /* SYMoyaPublisher.swift */ = {isa = PBXFileReference; lastKnownFileType = sourcecode.swift; path = SYMoyaPublisher.swift; sourceTree = "<group>"; };
		FB6A3A28287BB48900454481 /* HTTPStatusCode.swift */ = {isa = PBXFileReference; fileEncoding = 4; lastKnownFileType = sourcecode.swift; path = HTTPStatusCode.swift; sourceTree = "<group>"; };
		FB6A3A2A287BB49200454481 /* HTTPStatusCodes+Extensions.swift */ = {isa = PBXFileReference; fileEncoding = 4; lastKnownFileType = sourcecode.swift; path = "HTTPStatusCodes+Extensions.swift"; sourceTree = "<group>"; };
		FB8072EE26F32C070042B30D /* SYMoyaNetwork.framework */ = {isa = PBXFileReference; explicitFileType = wrapper.framework; includeInIndex = 0; path = SYMoyaNetwork.framework; sourceTree = BUILT_PRODUCTS_DIR; };
		FB8072F126F32C070042B30D /* SYMoyaNetwork.h */ = {isa = PBXFileReference; lastKnownFileType = sourcecode.c.h; path = SYMoyaNetwork.h; sourceTree = "<group>"; };
		FB8072F226F32C070042B30D /* Info.plist */ = {isa = PBXFileReference; lastKnownFileType = text.plist.xml; path = Info.plist; sourceTree = "<group>"; };
		FB8072F726F32C070042B30D /* SYMoyaNetworkTests.xctest */ = {isa = PBXFileReference; explicitFileType = wrapper.cfbundle; includeInIndex = 0; path = SYMoyaNetworkTests.xctest; sourceTree = BUILT_PRODUCTS_DIR; };
		FB9E2CC028A204B4001F73FC /* SYMoyaNetworkExample.app */ = {isa = PBXFileReference; explicitFileType = wrapper.application; includeInIndex = 0; path = SYMoyaNetworkExample.app; sourceTree = BUILT_PRODUCTS_DIR; };
		FB9E2CC228A204B4001F73FC /* AppDelegate.swift */ = {isa = PBXFileReference; lastKnownFileType = sourcecode.swift; path = AppDelegate.swift; sourceTree = "<group>"; };
		FB9E2CC428A204B4001F73FC /* SceneDelegate.swift */ = {isa = PBXFileReference; lastKnownFileType = sourcecode.swift; path = SceneDelegate.swift; sourceTree = "<group>"; };
		FB9E2CC628A204B4001F73FC /* ViewController.swift */ = {isa = PBXFileReference; lastKnownFileType = sourcecode.swift; path = ViewController.swift; sourceTree = "<group>"; };
		FB9E2CC928A204B4001F73FC /* Base */ = {isa = PBXFileReference; lastKnownFileType = file.storyboard; name = Base; path = Base.lproj/Main.storyboard; sourceTree = "<group>"; };
		FB9E2CCB28A204B5001F73FC /* Assets.xcassets */ = {isa = PBXFileReference; lastKnownFileType = folder.assetcatalog; path = Assets.xcassets; sourceTree = "<group>"; };
		FB9E2CCE28A204B5001F73FC /* Base */ = {isa = PBXFileReference; lastKnownFileType = file.storyboard; name = Base; path = Base.lproj/LaunchScreen.storyboard; sourceTree = "<group>"; };
		FB9E2CD028A204B6001F73FC /* Info.plist */ = {isa = PBXFileReference; lastKnownFileType = text.plist.xml; path = Info.plist; sourceTree = "<group>"; };
		FB9E2CD528A204B6001F73FC /* SYMoyaNetworkExampleTests.xctest */ = {isa = PBXFileReference; explicitFileType = wrapper.cfbundle; includeInIndex = 0; path = SYMoyaNetworkExampleTests.xctest; sourceTree = BUILT_PRODUCTS_DIR; };
		FB9E2CD928A204B6001F73FC /* SYMoyaNetworkExampleTests.swift */ = {isa = PBXFileReference; lastKnownFileType = sourcecode.swift; path = SYMoyaNetworkExampleTests.swift; sourceTree = "<group>"; };
		FB9E2CDF28A204B6001F73FC /* SYMoyaNetworkExampleUITests.xctest */ = {isa = PBXFileReference; explicitFileType = wrapper.cfbundle; includeInIndex = 0; path = SYMoyaNetworkExampleUITests.xctest; sourceTree = BUILT_PRODUCTS_DIR; };
		FB9E2CE328A204B6001F73FC /* SYMoyaNetworkExampleUITests.swift */ = {isa = PBXFileReference; lastKnownFileType = sourcecode.swift; path = SYMoyaNetworkExampleUITests.swift; sourceTree = "<group>"; };
		FB9E2CE528A204B6001F73FC /* SYMoyaNetworkExampleUITestsLaunchTests.swift */ = {isa = PBXFileReference; lastKnownFileType = sourcecode.swift; path = SYMoyaNetworkExampleUITestsLaunchTests.swift; sourceTree = "<group>"; };
		FB9E2D0E28A20C25001F73FC /* GitHubUserContentAPI.swift */ = {isa = PBXFileReference; fileEncoding = 4; lastKnownFileType = sourcecode.swift; path = GitHubUserContentAPI.swift; sourceTree = "<group>"; };
		FB9E2D0F28A20C25001F73FC /* GitHubAPI.swift */ = {isa = PBXFileReference; fileEncoding = 4; lastKnownFileType = sourcecode.swift; path = GitHubAPI.swift; sourceTree = "<group>"; };
		FB9E2D1028A20C26001F73FC /* GiphyAPI.swift */ = {isa = PBXFileReference; fileEncoding = 4; lastKnownFileType = sourcecode.swift; path = GiphyAPI.swift; sourceTree = "<group>"; };
		FB9E2D1428A2105D001F73FC /* ResponseViewController.swift */ = {isa = PBXFileReference; lastKnownFileType = sourcecode.swift; path = ResponseViewController.swift; sourceTree = "<group>"; };
		FB9E2D1528A2105D001F73FC /* ResponseViewController.xib */ = {isa = PBXFileReference; lastKnownFileType = file.xib; path = ResponseViewController.xib; sourceTree = "<group>"; };
		FB9E2D1828A21BF4001F73FC /* BatchResponseViewController.swift */ = {isa = PBXFileReference; lastKnownFileType = sourcecode.swift; path = BatchResponseViewController.swift; sourceTree = "<group>"; };
		FB9E2D1928A21BF4001F73FC /* BatchResponseViewController.xib */ = {isa = PBXFileReference; lastKnownFileType = file.xib; path = BatchResponseViewController.xib; sourceTree = "<group>"; };
		FB9E2D1E28A40D2A001F73FC /* SYMoyaProviderTargetResponseStatePlugin.swift */ = {isa = PBXFileReference; lastKnownFileType = sourcecode.swift; path = SYMoyaProviderTargetResponseStatePlugin.swift; sourceTree = "<group>"; };
/* End PBXFileReference section */

/* Begin PBXFrameworksBuildPhase section */
		FB45ACBA288BEC2900626EA7 /* Frameworks */ = {
			isa = PBXFrameworksBuildPhase;
			buildActionMask = 2147483647;
			files = (
				FB45ACEC288BECB700626EA7 /* SYMoyaNetwork.framework in Frameworks */,
				FBEE35642A1BC36F001AFD6C /* ObjectMapper.xcframework in Frameworks */,
			);
			runOnlyForDeploymentPostprocessing = 0;
		};
		FB45ACC8288BEC8F00626EA7 /* Frameworks */ = {
			isa = PBXFrameworksBuildPhase;
			buildActionMask = 2147483647;
			files = (
				FBEE35652A1BC37D001AFD6C /* HandyJSON.xcframework in Frameworks */,
				FB45ACE7288BECAE00626EA7 /* SYMoyaNetwork.framework in Frameworks */,
			);
			runOnlyForDeploymentPostprocessing = 0;
		};
		FB8072EB26F32C070042B30D /* Frameworks */ = {
			isa = PBXFrameworksBuildPhase;
			buildActionMask = 2147483647;
			files = (
				FBEE35672A1BC5A4001AFD6C /* Alamofire.xcframework in Frameworks */,
				FBEE35632A1BC361001AFD6C /* Moya.xcframework in Frameworks */,
				FBEE35662A1BC384001AFD6C /* SwiftyJSON.xcframework in Frameworks */,
			);
			runOnlyForDeploymentPostprocessing = 0;
		};
		FB8072F426F32C070042B30D /* Frameworks */ = {
			isa = PBXFrameworksBuildPhase;
			buildActionMask = 2147483647;
			files = (
				FB8072F826F32C070042B30D /* SYMoyaNetwork.framework in Frameworks */,
			);
			runOnlyForDeploymentPostprocessing = 0;
		};
		FB9E2CBD28A204B4001F73FC /* Frameworks */ = {
			isa = PBXFrameworksBuildPhase;
			buildActionMask = 2147483647;
			files = (
				FB9E2D0528A20B39001F73FC /* SYMoyaNetwork.framework in Frameworks */,
			);
			runOnlyForDeploymentPostprocessing = 0;
		};
		FB9E2CD228A204B6001F73FC /* Frameworks */ = {
			isa = PBXFrameworksBuildPhase;
			buildActionMask = 2147483647;
			files = (
				FB9E2CF828A20582001F73FC /* SYMoyaNetwork.framework in Frameworks */,
			);
			runOnlyForDeploymentPostprocessing = 0;
		};
		FB9E2CDC28A204B6001F73FC /* Frameworks */ = {
			isa = PBXFrameworksBuildPhase;
			buildActionMask = 2147483647;
			files = (
				FB9E2CF728A20560001F73FC /* SYMoyaNetwork.framework in Frameworks */,
			);
			runOnlyForDeploymentPostprocessing = 0;
		};
/* End PBXFrameworksBuildPhase section */

/* Begin PBXGroup section */
		FB45ACB7288BEAC300626EA7 /* Supporting Files */ = {
			isa = PBXGroup;
			children = (
				FB45ACFB288BEFCA00626EA7 /* SYObjectMapper.h */,
				FB45ACF7288BEFA600626EA7 /* SYHandyJSON.h */,
				FB8072F126F32C070042B30D /* SYMoyaNetwork.h */,
				FB8072F226F32C070042B30D /* Info.plist */,
			);
			path = "Supporting Files";
			sourceTree = "<group>";
		};
		FB6354492705A61D003F1D7C /* Cache */ = {
			isa = PBXGroup;
			children = (
				FB63544A2705A61D003F1D7C /* Storage.swift */,
				FB63544B2705A61D003F1D7C /* MemoryStorage.swift */,
				FB63544C2705A61D003F1D7C /* DiskStorage.swift */,
				FB63544D2705A61D003F1D7C /* CacheSerializer.swift */,
				FB63544E2705A61D003F1D7C /* NetworkCache.swift */,
				FB63544F2705A61D003F1D7C /* SYMoyaNetworkOptionsInfo.swift */,
				FB6354502705A61D003F1D7C /* NetworkCacheType.swift */,
			);
			path = Cache;
			sourceTree = "<group>";
		};
		FB6354512705A61D003F1D7C /* Plugin */ = {
			isa = PBXGroup;
			children = (
				FB9E2D1E28A40D2A001F73FC /* SYMoyaProviderTargetResponseStatePlugin.swift */,
				FB6354522705A61D003F1D7C /* SYMoyaNetworkLoggerPlugin.swift */,
			);
			path = Plugin;
			sourceTree = "<group>";
		};
		FB6354532705A61D003F1D7C /* Image */ = {
			isa = PBXGroup;
			children = (
				FB6354542705A61D003F1D7C /* SYMoyaProvider+Image.swift */,
			);
			path = Image;
			sourceTree = "<group>";
		};
		FB6354552705A61D003F1D7C /* SYMoyaChainRequestProvider */ = {
			isa = PBXGroup;
			children = (
				FB6354562705A61D003F1D7C /* SYMoyaChainRequestProvider.swift */,
			);
			path = SYMoyaChainRequestProvider;
			sourceTree = "<group>";
		};
		FB6354572705A61E003F1D7C /* JSON */ = {
			isa = PBXGroup;
			children = (
				FB6354582705A61E003F1D7C /* SYMoyaProvider+JSON.swift */,
			);
			path = JSON;
			sourceTree = "<group>";
		};
		FB63545B2705A61E003F1D7C /* SYMoyaURLCache */ = {
			isa = PBXGroup;
			children = (
				FB63545C2705A61E003F1D7C /* SYMoyaURLCache.swift */,
				FB63545D2705A61E003F1D7C /* SYMoyaProvider+URLCache.swift */,
			);
			path = SYMoyaURLCache;
			sourceTree = "<group>";
		};
		FB63545E2705A61E003F1D7C /* SwiftyJSON */ = {
			isa = PBXGroup;
			children = (
				FB63545F2705A61E003F1D7C /* SYMoyaProvider+SwiftyJSON.swift */,
				FB6354602705A61E003F1D7C /* Response+SwiftyJSON.swift */,
			);
			path = SwiftyJSON;
			sourceTree = "<group>";
		};
		FB6354612705A61E003F1D7C /* Codable */ = {
			isa = PBXGroup;
			children = (
				FB6354622705A61E003F1D7C /* SYMoyaProvider+Codable.swift */,
				FB6354632705A61E003F1D7C /* Response+Codable.swift */,
			);
			path = Codable;
			sourceTree = "<group>";
		};
		FB6354642705A61E003F1D7C /* Error */ = {
			isa = PBXGroup;
			children = (
				FB6354652705A61E003F1D7C /* SYMoyaNetworkError.swift */,
				FB6354662705A61E003F1D7C /* MoyaError+Transform.swift */,
			);
			path = Error;
			sourceTree = "<group>";
		};
		FB6354672705A61E003F1D7C /* ObjectMapper */ = {
			isa = PBXGroup;
			children = (
				FB6354682705A61E003F1D7C /* Response+ObjectMapper.swift */,
				FB6354692705A61E003F1D7C /* SYMoyaProvider+ObjectMapper.swift */,
			);
			path = ObjectMapper;
			sourceTree = "<group>";
		};
		FB63546A2705A61E003F1D7C /* String */ = {
			isa = PBXGroup;
			children = (
				FB63546B2705A61E003F1D7C /* SYMoyaProvider+String.swift */,
			);
			path = String;
			sourceTree = "<group>";
		};
		FB63546C2705A61E003F1D7C /* Response */ = {
			isa = PBXGroup;
			children = (
				FB63546D2705A61E003F1D7C /* SYDataResponse.swift */,
				FB63546E2705A61E003F1D7C /* Result+SYMoyaNetwork.swift */,
			);
			path = Response;
			sourceTree = "<group>";
		};
		FB63546F2705A61E003F1D7C /* SYMoya */ = {
			isa = PBXGroup;
			children = (
				FB6354702705A61E003F1D7C /* ResponseDataSourceType.swift */,
				FB6354712705A61E003F1D7C /* SYMoyaProvider.swift */,
				FB6354722705A61E003F1D7C /* URL+SYMoya.swift */,
				FB6354732705A61E003F1D7C /* SYTargetType.swift */,
				FB6354742705A61E003F1D7C /* SYMoyaProvider+Cache.swift */,
			);
			path = SYMoya;
			sourceTree = "<group>";
		};
		FB6354752705A61E003F1D7C /* Config */ = {
			isa = PBXGroup;
			children = (
				FB6354762705A61E003F1D7C /* NetworkConfig.swift */,
			);
			path = Config;
			sourceTree = "<group>";
		};
		FB6354772705A61E003F1D7C /* HandyJSON */ = {
			isa = PBXGroup;
			children = (
				FB6354782705A61E003F1D7C /* SYMoyaProvider+HandyJSON.swift */,
				FB6354792705A61E003F1D7C /* Response+HandyJSON.swift */,
				FB668FB828D3518500AE74F4 /* ReactiveSwift */,
				FB668FB728D3517A00AE74F4 /* Combine */,
				FB668FB628D3507100AE74F4 /* RxSwift */,
			);
			path = HandyJSON;
			sourceTree = "<group>";
		};
		FB63547A2705A61E003F1D7C /* Utility */ = {
			isa = PBXGroup;
			children = (
				FB6A3A2A287BB49200454481 /* HTTPStatusCodes+Extensions.swift */,
				FB6A3A28287BB48900454481 /* HTTPStatusCode.swift */,
				FB63547B2705A61E003F1D7C /* Response+CacheCostCalculable.swift */,
				FB63547C2705A61E003F1D7C /* CallbackQueue.swift */,
				FB63547D2705A61E003F1D7C /* String+MD5.swift */,
				FB63547E2705A61E003F1D7C /* Date+Extensions.swift */,
			);
			path = Utility;
			sourceTree = "<group>";
		};
		FB65207828A4FBB8009457DD /* SYMoyaBatchRequestProvider */ = {
			isa = PBXGroup;
			children = (
				FB65207928A4FBB8009457DD /* SYMoyaBatchRequestProvider.swift */,
			);
			path = SYMoyaBatchRequestProvider;
			sourceTree = "<group>";
		};
		FB668FB628D3507100AE74F4 /* RxSwift */ = {
			isa = PBXGroup;
			children = (
			);
			path = RxSwift;
			sourceTree = "<group>";
		};
		FB668FB728D3517A00AE74F4 /* Combine */ = {
			isa = PBXGroup;
			children = (
				FB668FBF28D3596F00AE74F4 /* SYMoyaPublisher.swift */,
			);
			path = Combine;
			sourceTree = "<group>";
		};
		FB668FB828D3518500AE74F4 /* ReactiveSwift */ = {
			isa = PBXGroup;
			children = (
			);
			path = ReactiveSwift;
			sourceTree = "<group>";
		};
		FB6A3A2C287BBDD400454481 /* Core */ = {
			isa = PBXGroup;
			children = (
				FB81CA3F29A3C5020036C3A0 /* Async */,
				FB65207828A4FBB8009457DD /* SYMoyaBatchRequestProvider */,
				FB6354612705A61E003F1D7C /* Codable */,
				FB63545E2705A61E003F1D7C /* SwiftyJSON */,
				FB63547A2705A61E003F1D7C /* Utility */,
				FB63545B2705A61E003F1D7C /* SYMoyaURLCache */,
				FB6354552705A61D003F1D7C /* SYMoyaChainRequestProvider */,
				FB63546F2705A61E003F1D7C /* SYMoya */,
				FB63546A2705A61E003F1D7C /* String */,
				FB63546C2705A61E003F1D7C /* Response */,
				FB6354512705A61D003F1D7C /* Plugin */,
				FB6354572705A61E003F1D7C /* JSON */,
				FB6354532705A61D003F1D7C /* Image */,
				FB6354642705A61E003F1D7C /* Error */,
				FB6354752705A61E003F1D7C /* Config */,
				FB6354492705A61D003F1D7C /* Cache */,
			);
			path = Core;
			sourceTree = "<group>";
		};
		FB8072E426F32C070042B30D = {
			isa = PBXGroup;
			children = (
				FB8072F026F32C070042B30D /* Sources */,
				FB9E2CC128A204B4001F73FC /* SYMoyaNetworkExample */,
				FB9E2CD828A204B6001F73FC /* SYMoyaNetworkExampleTests */,
				FB9E2CE228A204B6001F73FC /* SYMoyaNetworkExampleUITests */,
				FB8072EF26F32C070042B30D /* Products */,
				FBEE3D9F27142A3700D927E5 /* Frameworks */,
			);
			sourceTree = "<group>";
		};
		FB8072EF26F32C070042B30D /* Products */ = {
			isa = PBXGroup;
			children = (
				FB8072EE26F32C070042B30D /* SYMoyaNetwork.framework */,
				FB8072F726F32C070042B30D /* SYMoyaNetworkTests.xctest */,
				FB45ACBD288BEC2900626EA7 /* SYObjectMapper.framework */,
				FB45ACCB288BEC8F00626EA7 /* SYHandyJSON.framework */,
				FB9E2CC028A204B4001F73FC /* SYMoyaNetworkExample.app */,
				FB9E2CD528A204B6001F73FC /* SYMoyaNetworkExampleTests.xctest */,
				FB9E2CDF28A204B6001F73FC /* SYMoyaNetworkExampleUITests.xctest */,
			);
			name = Products;
			sourceTree = "<group>";
		};
		FB8072F026F32C070042B30D /* Sources */ = {
			isa = PBXGroup;
			children = (
				FB45ACB7288BEAC300626EA7 /* Supporting Files */,
				FB6A3A2C287BBDD400454481 /* Core */,
				FB6354772705A61E003F1D7C /* HandyJSON */,
				FB6354672705A61E003F1D7C /* ObjectMapper */,
			);
			path = Sources;
			sourceTree = "<group>";
		};
		FB81CA3F29A3C5020036C3A0 /* Async */ = {
			isa = PBXGroup;
			children = (
				20F6F26C29A62675004D5C4B /* AsyncRequestWrapper.swift */,
				20F6F26D29A62676004D5C4B /* AsyncTask.swift */,
				20F6F26A29A62675004D5C4B /* Moya+AsyncSequence.swift */,
				20F6F26B29A62675004D5C4B /* MoyaProvider+Async.swift */,
			);
			path = Async;
			sourceTree = "<group>";
		};
		FB9E2CC128A204B4001F73FC /* SYMoyaNetworkExample */ = {
			isa = PBXGroup;
			children = (
				FB9E2D0728A20BB8001F73FC /* API */,
				FB9E2CC228A204B4001F73FC /* AppDelegate.swift */,
				FB9E2CC428A204B4001F73FC /* SceneDelegate.swift */,
				FB9E2CC628A204B4001F73FC /* ViewController.swift */,
				FB9E2D1428A2105D001F73FC /* ResponseViewController.swift */,
				FB9E2D1528A2105D001F73FC /* ResponseViewController.xib */,
				FB9E2D1828A21BF4001F73FC /* BatchResponseViewController.swift */,
				FB9E2D1928A21BF4001F73FC /* BatchResponseViewController.xib */,
				FB9E2CC828A204B4001F73FC /* Main.storyboard */,
				FB9E2CCB28A204B5001F73FC /* Assets.xcassets */,
				FB9E2CCD28A204B5001F73FC /* LaunchScreen.storyboard */,
				FB9E2CD028A204B6001F73FC /* Info.plist */,
			);
			path = SYMoyaNetworkExample;
			sourceTree = "<group>";
		};
		FB9E2CD828A204B6001F73FC /* SYMoyaNetworkExampleTests */ = {
			isa = PBXGroup;
			children = (
				FB9E2CD928A204B6001F73FC /* SYMoyaNetworkExampleTests.swift */,
			);
			path = SYMoyaNetworkExampleTests;
			sourceTree = "<group>";
		};
		FB9E2CE228A204B6001F73FC /* SYMoyaNetworkExampleUITests */ = {
			isa = PBXGroup;
			children = (
				FB9E2CE328A204B6001F73FC /* SYMoyaNetworkExampleUITests.swift */,
				FB9E2CE528A204B6001F73FC /* SYMoyaNetworkExampleUITestsLaunchTests.swift */,
			);
			path = SYMoyaNetworkExampleUITests;
			sourceTree = "<group>";
		};
		FB9E2D0728A20BB8001F73FC /* API */ = {
			isa = PBXGroup;
			children = (
				FB9E2D1028A20C26001F73FC /* GiphyAPI.swift */,
				FB9E2D0F28A20C25001F73FC /* GitHubAPI.swift */,
				FB9E2D0E28A20C25001F73FC /* GitHubUserContentAPI.swift */,
			);
			path = API;
			sourceTree = "<group>";
		};
		FBEE3D9F27142A3700D927E5 /* Frameworks */ = {
			isa = PBXGroup;
			children = (
				20F6F26829A62409004D5C4B /* SwiftyJSON.xcframework */,
				20F6F26029A623D0004D5C4B /* Alamofire.xcframework */,
				20F6F25F29A623D0004D5C4B /* HandyJSON.xcframework */,
				20F6F26129A623D0004D5C4B /* Moya.xcframework */,
				20F6F25E29A623D0004D5C4B /* ObjectMapper.xcframework */,
			);
			name = Frameworks;
			sourceTree = "<group>";
		};
/* End PBXGroup section */

/* Begin PBXHeadersBuildPhase section */
		FB45ACB8288BEC2900626EA7 /* Headers */ = {
			isa = PBXHeadersBuildPhase;
			buildActionMask = 2147483647;
			files = (
				FB45ACFC288BEFCA00626EA7 /* SYObjectMapper.h in Headers */,
			);
			runOnlyForDeploymentPostprocessing = 0;
		};
		FB45ACC6288BEC8F00626EA7 /* Headers */ = {
			isa = PBXHeadersBuildPhase;
			buildActionMask = 2147483647;
			files = (
				FB45ACF8288BEFA700626EA7 /* SYHandyJSON.h in Headers */,
			);
			runOnlyForDeploymentPostprocessing = 0;
		};
		FB8072E926F32C070042B30D /* Headers */ = {
			isa = PBXHeadersBuildPhase;
			buildActionMask = 2147483647;
			files = (
				FB8072FF26F32C070042B30D /* SYMoyaNetwork.h in Headers */,
			);
			runOnlyForDeploymentPostprocessing = 0;
		};
/* End PBXHeadersBuildPhase section */

/* Begin PBXNativeTarget section */
		FB45ACBC288BEC2900626EA7 /* SYObjectMapper */ = {
			isa = PBXNativeTarget;
			buildConfigurationList = FB45ACC3288BEC2900626EA7 /* Build configuration list for PBXNativeTarget "SYObjectMapper" */;
			buildPhases = (
				FB45ACB8288BEC2900626EA7 /* Headers */,
				FB45ACB9288BEC2900626EA7 /* Sources */,
				FB45ACBA288BEC2900626EA7 /* Frameworks */,
				FB45ACBB288BEC2900626EA7 /* Resources */,
			);
			buildRules = (
			);
			dependencies = (
				FB45ACEF288BECB700626EA7 /* PBXTargetDependency */,
			);
			name = SYObjectMapper;
			productName = SYObjectMapper;
			productReference = FB45ACBD288BEC2900626EA7 /* SYObjectMapper.framework */;
			productType = "com.apple.product-type.framework";
		};
		FB45ACCA288BEC8F00626EA7 /* SYHandyJSON */ = {
			isa = PBXNativeTarget;
			buildConfigurationList = FB45ACD1288BEC8F00626EA7 /* Build configuration list for PBXNativeTarget "SYHandyJSON" */;
			buildPhases = (
				FB45ACC6288BEC8F00626EA7 /* Headers */,
				FB45ACC7288BEC8F00626EA7 /* Sources */,
				FB45ACC8288BEC8F00626EA7 /* Frameworks */,
				FB45ACC9288BEC8F00626EA7 /* Resources */,
			);
			buildRules = (
			);
			dependencies = (
				FB45ACEA288BECAE00626EA7 /* PBXTargetDependency */,
			);
			name = SYHandyJSON;
			productName = SYHandyJSON;
			productReference = FB45ACCB288BEC8F00626EA7 /* SYHandyJSON.framework */;
			productType = "com.apple.product-type.framework";
		};
		FB8072ED26F32C070042B30D /* SYMoyaNetwork */ = {
			isa = PBXNativeTarget;
			buildConfigurationList = FB80730226F32C070042B30D /* Build configuration list for PBXNativeTarget "SYMoyaNetwork" */;
			buildPhases = (
				FB8072E926F32C070042B30D /* Headers */,
				FB8072EA26F32C070042B30D /* Sources */,
				FB8072EB26F32C070042B30D /* Frameworks */,
				FB9E2C8B28A0F6F2001F73FC /* Resources */,
				FB9E2C8E28A16325001F73FC /* Embed Frameworks */,
			);
			buildRules = (
			);
			dependencies = (
			);
			name = SYMoyaNetwork;
			productName = SYMoyaNetwork;
			productReference = FB8072EE26F32C070042B30D /* SYMoyaNetwork.framework */;
			productType = "com.apple.product-type.framework";
		};
		FB8072F626F32C070042B30D /* SYMoyaNetworkTests */ = {
			isa = PBXNativeTarget;
			buildConfigurationList = FB80730526F32C070042B30D /* Build configuration list for PBXNativeTarget "SYMoyaNetworkTests" */;
			buildPhases = (
				2BDBAD773EEC00605F4E03C4 /* [CP] Check Pods Manifest.lock */,
				FB8072F326F32C070042B30D /* Sources */,
				FB8072F426F32C070042B30D /* Frameworks */,
				FB8072F526F32C070042B30D /* Resources */,
			);
			buildRules = (
			);
			dependencies = (
				FB8072FA26F32C070042B30D /* PBXTargetDependency */,
			);
			name = SYMoyaNetworkTests;
			productName = SYMoyaNetworkTests;
			productReference = FB8072F726F32C070042B30D /* SYMoyaNetworkTests.xctest */;
			productType = "com.apple.product-type.bundle.unit-test";
		};
		FB9E2CBF28A204B4001F73FC /* SYMoyaNetworkExample */ = {
			isa = PBXNativeTarget;
			buildConfigurationList = FB9E2CED28A204B6001F73FC /* Build configuration list for PBXNativeTarget "SYMoyaNetworkExample" */;
			buildPhases = (
				FB9E2CBC28A204B4001F73FC /* Sources */,
				FB9E2CBD28A204B4001F73FC /* Frameworks */,
				FB9E2CBE28A204B4001F73FC /* Resources */,
				FB9E2D0028A20B35001F73FC /* Embed Frameworks */,
			);
			buildRules = (
			);
			dependencies = (
			);
			name = SYMoyaNetworkExample;
			productName = SYMoyaNetworkExample;
			productReference = FB9E2CC028A204B4001F73FC /* SYMoyaNetworkExample.app */;
			productType = "com.apple.product-type.application";
		};
		FB9E2CD428A204B6001F73FC /* SYMoyaNetworkExampleTests */ = {
			isa = PBXNativeTarget;
			buildConfigurationList = FB9E2CEE28A204B6001F73FC /* Build configuration list for PBXNativeTarget "SYMoyaNetworkExampleTests" */;
			buildPhases = (
				FB9E2CD128A204B6001F73FC /* Sources */,
				FB9E2CD228A204B6001F73FC /* Frameworks */,
				FB9E2CD328A204B6001F73FC /* Resources */,
			);
			buildRules = (
			);
			dependencies = (
				FB9E2CD728A204B6001F73FC /* PBXTargetDependency */,
			);
			name = SYMoyaNetworkExampleTests;
			productName = SYMoyaNetworkExampleTests;
			productReference = FB9E2CD528A204B6001F73FC /* SYMoyaNetworkExampleTests.xctest */;
			productType = "com.apple.product-type.bundle.unit-test";
		};
		FB9E2CDE28A204B6001F73FC /* SYMoyaNetworkExampleUITests */ = {
			isa = PBXNativeTarget;
			buildConfigurationList = FB9E2CEF28A204B6001F73FC /* Build configuration list for PBXNativeTarget "SYMoyaNetworkExampleUITests" */;
			buildPhases = (
				FB9E2CDB28A204B6001F73FC /* Sources */,
				FB9E2CDC28A204B6001F73FC /* Frameworks */,
				FB9E2CDD28A204B6001F73FC /* Resources */,
			);
			buildRules = (
			);
			dependencies = (
				FB9E2CE128A204B6001F73FC /* PBXTargetDependency */,
			);
			name = SYMoyaNetworkExampleUITests;
			productName = SYMoyaNetworkExampleUITests;
			productReference = FB9E2CDF28A204B6001F73FC /* SYMoyaNetworkExampleUITests.xctest */;
			productType = "com.apple.product-type.bundle.ui-testing";
		};
/* End PBXNativeTarget section */

/* Begin PBXProject section */
		FB8072E526F32C070042B30D /* Project object */ = {
			isa = PBXProject;
			attributes = {
				LastSwiftUpdateCheck = 1340;
				LastUpgradeCheck = 1250;
				TargetAttributes = {
					FB45ACBC288BEC2900626EA7 = {
						CreatedOnToolsVersion = 13.4.1;
					};
					FB45ACCA288BEC8F00626EA7 = {
						CreatedOnToolsVersion = 13.4.1;
					};
					FB8072ED26F32C070042B30D = {
						CreatedOnToolsVersion = 12.5.1;
					};
					FB8072F626F32C070042B30D = {
						CreatedOnToolsVersion = 12.5.1;
					};
					FB9E2CBF28A204B4001F73FC = {
						CreatedOnToolsVersion = 13.4.1;
					};
					FB9E2CD428A204B6001F73FC = {
						CreatedOnToolsVersion = 13.4.1;
						TestTargetID = FB9E2CBF28A204B4001F73FC;
					};
					FB9E2CDE28A204B6001F73FC = {
						CreatedOnToolsVersion = 13.4.1;
						TestTargetID = FB9E2CBF28A204B4001F73FC;
					};
				};
			};
			buildConfigurationList = FB8072E826F32C070042B30D /* Build configuration list for PBXProject "SYMoyaNetwork" */;
			compatibilityVersion = "Xcode 9.3";
			developmentRegion = en;
			hasScannedForEncodings = 0;
			knownRegions = (
				en,
				Base,
			);
			mainGroup = FB8072E426F32C070042B30D;
			productRefGroup = FB8072EF26F32C070042B30D /* Products */;
			projectDirPath = "";
			projectRoot = "";
			targets = (
				FB8072ED26F32C070042B30D /* SYMoyaNetwork */,
				FB8072F626F32C070042B30D /* SYMoyaNetworkTests */,
				FB45ACBC288BEC2900626EA7 /* SYObjectMapper */,
				FB45ACCA288BEC8F00626EA7 /* SYHandyJSON */,
				FB9E2CBF28A204B4001F73FC /* SYMoyaNetworkExample */,
				FB9E2CD428A204B6001F73FC /* SYMoyaNetworkExampleTests */,
				FB9E2CDE28A204B6001F73FC /* SYMoyaNetworkExampleUITests */,
			);
		};
/* End PBXProject section */

/* Begin PBXResourcesBuildPhase section */
		FB45ACBB288BEC2900626EA7 /* Resources */ = {
			isa = PBXResourcesBuildPhase;
			buildActionMask = 2147483647;
			files = (
			);
			runOnlyForDeploymentPostprocessing = 0;
		};
		FB45ACC9288BEC8F00626EA7 /* Resources */ = {
			isa = PBXResourcesBuildPhase;
			buildActionMask = 2147483647;
			files = (
			);
			runOnlyForDeploymentPostprocessing = 0;
		};
		FB8072F526F32C070042B30D /* Resources */ = {
			isa = PBXResourcesBuildPhase;
			buildActionMask = 2147483647;
			files = (
			);
			runOnlyForDeploymentPostprocessing = 0;
		};
		FB9E2C8B28A0F6F2001F73FC /* Resources */ = {
			isa = PBXResourcesBuildPhase;
			buildActionMask = 2147483647;
			files = (
			);
			runOnlyForDeploymentPostprocessing = 0;
		};
		FB9E2CBE28A204B4001F73FC /* Resources */ = {
			isa = PBXResourcesBuildPhase;
			buildActionMask = 2147483647;
			files = (
				FB9E2D1B28A21BF4001F73FC /* BatchResponseViewController.xib in Resources */,
				FB9E2CCF28A204B5001F73FC /* LaunchScreen.storyboard in Resources */,
				FB9E2D1728A2105D001F73FC /* ResponseViewController.xib in Resources */,
				FB9E2CCC28A204B5001F73FC /* Assets.xcassets in Resources */,
				FB9E2CCA28A204B4001F73FC /* Main.storyboard in Resources */,
			);
			runOnlyForDeploymentPostprocessing = 0;
		};
		FB9E2CD328A204B6001F73FC /* Resources */ = {
			isa = PBXResourcesBuildPhase;
			buildActionMask = 2147483647;
			files = (
			);
			runOnlyForDeploymentPostprocessing = 0;
		};
		FB9E2CDD28A204B6001F73FC /* Resources */ = {
			isa = PBXResourcesBuildPhase;
			buildActionMask = 2147483647;
			files = (
			);
			runOnlyForDeploymentPostprocessing = 0;
		};
/* End PBXResourcesBuildPhase section */

/* Begin PBXShellScriptBuildPhase section */
		2BDBAD773EEC00605F4E03C4 /* [CP] Check Pods Manifest.lock */ = {
			isa = PBXShellScriptBuildPhase;
			buildActionMask = 2147483647;
			files = (
			);
			inputFileListPaths = (
			);
			inputPaths = (
				"${PODS_PODFILE_DIR_PATH}/Podfile.lock",
				"${PODS_ROOT}/Manifest.lock",
			);
			name = "[CP] Check Pods Manifest.lock";
			outputFileListPaths = (
			);
			outputPaths = (
				"$(DERIVED_FILE_DIR)/Pods-SYMoyaNetwork-SYMoyaNetworkTests-checkManifestLockResult.txt",
			);
			runOnlyForDeploymentPostprocessing = 0;
			shellPath = /bin/sh;
			shellScript = "diff \"${PODS_PODFILE_DIR_PATH}/Podfile.lock\" \"${PODS_ROOT}/Manifest.lock\" > /dev/null\nif [ $? != 0 ] ; then\n    # print error to STDERR\n    echo \"error: The sandbox is not in sync with the Podfile.lock. Run 'pod install' or update your CocoaPods installation.\" >&2\n    exit 1\nfi\n# This output is used by Xcode 'outputs' to avoid re-running this script phase.\necho \"SUCCESS\" > \"${SCRIPT_OUTPUT_FILE_0}\"\n";
			showEnvVarsInLog = 0;
		};
/* End PBXShellScriptBuildPhase section */

/* Begin PBXSourcesBuildPhase section */
		FB45ACB9288BEC2900626EA7 /* Sources */ = {
			isa = PBXSourcesBuildPhase;
			buildActionMask = 2147483647;
			files = (
				FB45ACF1288BEDDB00626EA7 /* Response+ObjectMapper.swift in Sources */,
				FB45ACF2288BEDDB00626EA7 /* SYMoyaProvider+ObjectMapper.swift in Sources */,
			);
			runOnlyForDeploymentPostprocessing = 0;
		};
		FB45ACC7288BEC8F00626EA7 /* Sources */ = {
			isa = PBXSourcesBuildPhase;
			buildActionMask = 2147483647;
			files = (
				FB45ACF3288BEDE500626EA7 /* SYMoyaProvider+HandyJSON.swift in Sources */,
				FB45ACF4288BEDE500626EA7 /* Response+HandyJSON.swift in Sources */,
			);
			runOnlyForDeploymentPostprocessing = 0;
		};
		FB8072EA26F32C070042B30D /* Sources */ = {
			isa = PBXSourcesBuildPhase;
			buildActionMask = 2147483647;
			files = (
				FB6354802705A61E003F1D7C /* MemoryStorage.swift in Sources */,
				FB6354952705A61E003F1D7C /* SYMoyaProvider+String.swift in Sources */,
				FB65207A28A4FBB8009457DD /* SYMoyaBatchRequestProvider.swift in Sources */,
				FB63547F2705A61E003F1D7C /* Storage.swift in Sources */,
				FB6354A22705A61E003F1D7C /* String+MD5.swift in Sources */,
				FB6354822705A61E003F1D7C /* CacheSerializer.swift in Sources */,
				FB6354A12705A61E003F1D7C /* CallbackQueue.swift in Sources */,
				FB63548B2705A61E003F1D7C /* SYMoyaURLCache.swift in Sources */,
				FB63549B2705A61E003F1D7C /* SYTargetType.swift in Sources */,
				FB6354A02705A61E003F1D7C /* Response+CacheCostCalculable.swift in Sources */,
				FB6354852705A61E003F1D7C /* NetworkCacheType.swift in Sources */,
				FB6354972705A61E003F1D7C /* Result+SYMoyaNetwork.swift in Sources */,
				20F6F26F29A62676004D5C4B /* MoyaProvider+Async.swift in Sources */,
				FB6354892705A61E003F1D7C /* SYMoyaProvider+JSON.swift in Sources */,
				20F6F26E29A62676004D5C4B /* Moya+AsyncSequence.swift in Sources */,
				FB6354982705A61E003F1D7C /* ResponseDataSourceType.swift in Sources */,
				FB6354922705A61E003F1D7C /* MoyaError+Transform.swift in Sources */,
				FB63548C2705A61E003F1D7C /* SYMoyaProvider+URLCache.swift in Sources */,
				FB65207728A48E06009457DD /* SYMoyaProviderTargetResponseStatePlugin.swift in Sources */,
				FB63549D2705A61E003F1D7C /* NetworkConfig.swift in Sources */,
				FB6354A32705A61E003F1D7C /* Date+Extensions.swift in Sources */,
				FB63549C2705A61E003F1D7C /* SYMoyaProvider+Cache.swift in Sources */,
				FB6A3A2B287BB49200454481 /* HTTPStatusCodes+Extensions.swift in Sources */,
				FB6354832705A61E003F1D7C /* NetworkCache.swift in Sources */,
				FB6354902705A61E003F1D7C /* Response+Codable.swift in Sources */,
				FB668FC028D3596F00AE74F4 /* SYMoyaPublisher.swift in Sources */,
				FB6354992705A61E003F1D7C /* SYMoyaProvider.swift in Sources */,
				FB63548F2705A61E003F1D7C /* SYMoyaProvider+Codable.swift in Sources */,
				20F6F27029A62676004D5C4B /* AsyncRequestWrapper.swift in Sources */,
				FB6354862705A61E003F1D7C /* SYMoyaNetworkLoggerPlugin.swift in Sources */,
				FB63549A2705A61E003F1D7C /* URL+SYMoya.swift in Sources */,
				FB6354812705A61E003F1D7C /* DiskStorage.swift in Sources */,
				FB6354842705A61E003F1D7C /* SYMoyaNetworkOptionsInfo.swift in Sources */,
				20F6F27129A62676004D5C4B /* AsyncTask.swift in Sources */,
				FB6354882705A61E003F1D7C /* SYMoyaChainRequestProvider.swift in Sources */,
				FB63548D2705A61E003F1D7C /* SYMoyaProvider+SwiftyJSON.swift in Sources */,
				FB6354962705A61E003F1D7C /* SYDataResponse.swift in Sources */,
				FB6354912705A61E003F1D7C /* SYMoyaNetworkError.swift in Sources */,
				FB63548E2705A61E003F1D7C /* Response+SwiftyJSON.swift in Sources */,
				FB6354872705A61E003F1D7C /* SYMoyaProvider+Image.swift in Sources */,
				FB6A3A29287BB48900454481 /* HTTPStatusCode.swift in Sources */,
			);
			runOnlyForDeploymentPostprocessing = 0;
		};
		FB8072F326F32C070042B30D /* Sources */ = {
			isa = PBXSourcesBuildPhase;
			buildActionMask = 2147483647;
			files = (
			);
			runOnlyForDeploymentPostprocessing = 0;
		};
		FB9E2CBC28A204B4001F73FC /* Sources */ = {
			isa = PBXSourcesBuildPhase;
			buildActionMask = 2147483647;
			files = (
				FB9E2D1128A20C26001F73FC /* GitHubUserContentAPI.swift in Sources */,
				FB9E2CC728A204B4001F73FC /* ViewController.swift in Sources */,
				FB9E2D1328A20C26001F73FC /* GiphyAPI.swift in Sources */,
				FB9E2CC328A204B4001F73FC /* AppDelegate.swift in Sources */,
				FB9E2D1A28A21BF4001F73FC /* BatchResponseViewController.swift in Sources */,
				FB9E2D1228A20C26001F73FC /* GitHubAPI.swift in Sources */,
				FB9E2CC528A204B4001F73FC /* SceneDelegate.swift in Sources */,
				FB9E2D1628A2105D001F73FC /* ResponseViewController.swift in Sources */,
			);
			runOnlyForDeploymentPostprocessing = 0;
		};
		FB9E2CD128A204B6001F73FC /* Sources */ = {
			isa = PBXSourcesBuildPhase;
			buildActionMask = 2147483647;
			files = (
				FB9E2CDA28A204B6001F73FC /* SYMoyaNetworkExampleTests.swift in Sources */,
			);
			runOnlyForDeploymentPostprocessing = 0;
		};
		FB9E2CDB28A204B6001F73FC /* Sources */ = {
			isa = PBXSourcesBuildPhase;
			buildActionMask = 2147483647;
			files = (
				FB9E2CE628A204B6001F73FC /* SYMoyaNetworkExampleUITestsLaunchTests.swift in Sources */,
				FB9E2CE428A204B6001F73FC /* SYMoyaNetworkExampleUITests.swift in Sources */,
			);
			runOnlyForDeploymentPostprocessing = 0;
		};
/* End PBXSourcesBuildPhase section */

/* Begin PBXTargetDependency section */
		FB45ACEA288BECAE00626EA7 /* PBXTargetDependency */ = {
			isa = PBXTargetDependency;
			target = FB8072ED26F32C070042B30D /* SYMoyaNetwork */;
			targetProxy = FB45ACE9288BECAE00626EA7 /* PBXContainerItemProxy */;
		};
		FB45ACEF288BECB700626EA7 /* PBXTargetDependency */ = {
			isa = PBXTargetDependency;
			target = FB8072ED26F32C070042B30D /* SYMoyaNetwork */;
			targetProxy = FB45ACEE288BECB700626EA7 /* PBXContainerItemProxy */;
		};
		FB8072FA26F32C070042B30D /* PBXTargetDependency */ = {
			isa = PBXTargetDependency;
			target = FB8072ED26F32C070042B30D /* SYMoyaNetwork */;
			targetProxy = FB8072F926F32C070042B30D /* PBXContainerItemProxy */;
		};
		FB9E2CD728A204B6001F73FC /* PBXTargetDependency */ = {
			isa = PBXTargetDependency;
			target = FB9E2CBF28A204B4001F73FC /* SYMoyaNetworkExample */;
			targetProxy = FB9E2CD628A204B6001F73FC /* PBXContainerItemProxy */;
		};
		FB9E2CE128A204B6001F73FC /* PBXTargetDependency */ = {
			isa = PBXTargetDependency;
			target = FB9E2CBF28A204B4001F73FC /* SYMoyaNetworkExample */;
			targetProxy = FB9E2CE028A204B6001F73FC /* PBXContainerItemProxy */;
		};
/* End PBXTargetDependency section */

/* Begin PBXVariantGroup section */
		FB9E2CC828A204B4001F73FC /* Main.storyboard */ = {
			isa = PBXVariantGroup;
			children = (
				FB9E2CC928A204B4001F73FC /* Base */,
			);
			name = Main.storyboard;
			sourceTree = "<group>";
		};
		FB9E2CCD28A204B5001F73FC /* LaunchScreen.storyboard */ = {
			isa = PBXVariantGroup;
			children = (
				FB9E2CCE28A204B5001F73FC /* Base */,
			);
			name = LaunchScreen.storyboard;
			sourceTree = "<group>";
		};
/* End PBXVariantGroup section */

/* Begin XCBuildConfiguration section */
		FB45ACC4288BEC2900626EA7 /* Debug */ = {
			isa = XCBuildConfiguration;
			buildSettings = {
				CLANG_CXX_LANGUAGE_STANDARD = "gnu++17";
				CODE_SIGN_STYLE = Automatic;
				COMBINE_HIDPI_IMAGES = YES;
				CURRENT_PROJECT_VERSION = 1;
				DEFINES_MODULE = YES;
				DRIVERKIT_DEPLOYMENT_TARGET = 21.4;
				DYLIB_COMPATIBILITY_VERSION = 1;
				DYLIB_CURRENT_VERSION = 1;
				DYLIB_INSTALL_NAME_BASE = "@rpath";
				FRAMEWORK_SEARCH_PATHS = (
					"$(inherited)",
					"$(PROJECT_DIR)/Carthage/Build/iOS",
				);
				GENERATE_INFOPLIST_FILE = YES;
				INFOPLIST_KEY_NSHumanReadableCopyright = "";
				INSTALL_PATH = "$(LOCAL_LIBRARY_DIR)/Frameworks";
				LD_RUNPATH_SEARCH_PATHS = (
					"$(inherited)",
					"@executable_path/../Frameworks",
					"@loader_path/Frameworks",
				);
				MARKETING_VERSION = 1.0;
				PRODUCT_BUNDLE_IDENTIFIER = com.shannonyang.SYObjectMapper;
				PRODUCT_NAME = "$(TARGET_NAME:c99extidentifier)";
				RUN_CLANG_STATIC_ANALYZER = YES;
				SDKROOT = auto;
				SKIP_INSTALL = YES;
				SUPPORTED_PLATFORMS = "appletvos appletvsimulator iphoneos iphonesimulator macosx watchos watchsimulator";
				SUPPORTS_MACCATALYST = NO;
				SUPPORTS_MAC_DESIGNED_FOR_IPHONE_IPAD = NO;
				SWIFT_EMIT_LOC_STRINGS = YES;
				SWIFT_VERSION = 5.0;
				TARGETED_DEVICE_FAMILY = "1,2,3,4";
			};
			name = Debug;
		};
		FB45ACC5288BEC2900626EA7 /* Release */ = {
			isa = XCBuildConfiguration;
			buildSettings = {
				CLANG_CXX_LANGUAGE_STANDARD = "gnu++17";
				CODE_SIGN_STYLE = Automatic;
				COMBINE_HIDPI_IMAGES = YES;
				CURRENT_PROJECT_VERSION = 1;
				DEFINES_MODULE = YES;
				DRIVERKIT_DEPLOYMENT_TARGET = 21.4;
				DYLIB_COMPATIBILITY_VERSION = 1;
				DYLIB_CURRENT_VERSION = 1;
				DYLIB_INSTALL_NAME_BASE = "@rpath";
				FRAMEWORK_SEARCH_PATHS = (
					"$(inherited)",
					"$(PROJECT_DIR)/Carthage/Build/iOS",
				);
				GENERATE_INFOPLIST_FILE = YES;
				INFOPLIST_KEY_NSHumanReadableCopyright = "";
				INSTALL_PATH = "$(LOCAL_LIBRARY_DIR)/Frameworks";
				LD_RUNPATH_SEARCH_PATHS = (
					"$(inherited)",
					"@executable_path/../Frameworks",
					"@loader_path/Frameworks",
				);
				MARKETING_VERSION = 1.0;
				PRODUCT_BUNDLE_IDENTIFIER = com.shannonyang.SYObjectMapper;
				PRODUCT_NAME = "$(TARGET_NAME:c99extidentifier)";
				RUN_CLANG_STATIC_ANALYZER = YES;
				SDKROOT = auto;
				SKIP_INSTALL = YES;
				SUPPORTED_PLATFORMS = "appletvos appletvsimulator iphoneos iphonesimulator macosx watchos watchsimulator";
				SUPPORTS_MACCATALYST = NO;
				SUPPORTS_MAC_DESIGNED_FOR_IPHONE_IPAD = NO;
				SWIFT_EMIT_LOC_STRINGS = YES;
				SWIFT_VERSION = 5.0;
				TARGETED_DEVICE_FAMILY = "1,2,3,4";
			};
			name = Release;
		};
		FB45ACD2288BEC8F00626EA7 /* Debug */ = {
			isa = XCBuildConfiguration;
			buildSettings = {
				CLANG_CXX_LANGUAGE_STANDARD = "gnu++17";
				CODE_SIGN_STYLE = Automatic;
				COMBINE_HIDPI_IMAGES = YES;
				CURRENT_PROJECT_VERSION = 1;
				DEFINES_MODULE = YES;
				DRIVERKIT_DEPLOYMENT_TARGET = 21.4;
				DYLIB_COMPATIBILITY_VERSION = 1;
				DYLIB_CURRENT_VERSION = 1;
				DYLIB_INSTALL_NAME_BASE = "@rpath";
				FRAMEWORK_SEARCH_PATHS = (
					"$(inherited)",
					"$(PROJECT_DIR)/Carthage/Build/iOS",
				);
				GENERATE_INFOPLIST_FILE = YES;
				INFOPLIST_KEY_NSHumanReadableCopyright = "";
				INSTALL_PATH = "$(LOCAL_LIBRARY_DIR)/Frameworks";
				LD_RUNPATH_SEARCH_PATHS = (
					"$(inherited)",
					"@executable_path/../Frameworks",
					"@loader_path/Frameworks",
				);
				MARKETING_VERSION = 1.0;
				PRODUCT_BUNDLE_IDENTIFIER = com.shannonyang.SYHandyJSON;
				PRODUCT_NAME = "$(TARGET_NAME:c99extidentifier)";
				RUN_CLANG_STATIC_ANALYZER = YES;
				SDKROOT = auto;
				SKIP_INSTALL = YES;
				SUPPORTED_PLATFORMS = "appletvos appletvsimulator iphoneos iphonesimulator macosx watchos watchsimulator";
				SUPPORTS_MACCATALYST = NO;
				SUPPORTS_MAC_DESIGNED_FOR_IPHONE_IPAD = NO;
				SWIFT_EMIT_LOC_STRINGS = YES;
				SWIFT_VERSION = 5.0;
				TARGETED_DEVICE_FAMILY = "1,2,3,4";
			};
			name = Debug;
		};
		FB45ACD3288BEC8F00626EA7 /* Release */ = {
			isa = XCBuildConfiguration;
			buildSettings = {
				CLANG_CXX_LANGUAGE_STANDARD = "gnu++17";
				CODE_SIGN_STYLE = Automatic;
				COMBINE_HIDPI_IMAGES = YES;
				CURRENT_PROJECT_VERSION = 1;
				DEFINES_MODULE = YES;
				DRIVERKIT_DEPLOYMENT_TARGET = 21.4;
				DYLIB_COMPATIBILITY_VERSION = 1;
				DYLIB_CURRENT_VERSION = 1;
				DYLIB_INSTALL_NAME_BASE = "@rpath";
				FRAMEWORK_SEARCH_PATHS = (
					"$(inherited)",
					"$(PROJECT_DIR)/Carthage/Build/iOS",
				);
				GENERATE_INFOPLIST_FILE = YES;
				INFOPLIST_KEY_NSHumanReadableCopyright = "";
				INSTALL_PATH = "$(LOCAL_LIBRARY_DIR)/Frameworks";
				LD_RUNPATH_SEARCH_PATHS = (
					"$(inherited)",
					"@executable_path/../Frameworks",
					"@loader_path/Frameworks",
				);
				MARKETING_VERSION = 1.0;
				PRODUCT_BUNDLE_IDENTIFIER = com.shannonyang.SYHandyJSON;
				PRODUCT_NAME = "$(TARGET_NAME:c99extidentifier)";
				RUN_CLANG_STATIC_ANALYZER = YES;
				SDKROOT = auto;
				SKIP_INSTALL = YES;
				SUPPORTED_PLATFORMS = "appletvos appletvsimulator iphoneos iphonesimulator macosx watchos watchsimulator";
				SUPPORTS_MACCATALYST = NO;
				SUPPORTS_MAC_DESIGNED_FOR_IPHONE_IPAD = NO;
				SWIFT_EMIT_LOC_STRINGS = YES;
				SWIFT_VERSION = 5.0;
				TARGETED_DEVICE_FAMILY = "1,2,3,4";
			};
			name = Release;
		};
		FB80730026F32C070042B30D /* Debug */ = {
			isa = XCBuildConfiguration;
			buildSettings = {
				ALWAYS_SEARCH_USER_PATHS = NO;
				CLANG_ANALYZER_NONNULL = YES;
				CLANG_ANALYZER_NUMBER_OBJECT_CONVERSION = YES_AGGRESSIVE;
				CLANG_CXX_LANGUAGE_STANDARD = "gnu++14";
				CLANG_CXX_LIBRARY = "libc++";
				CLANG_ENABLE_MODULES = YES;
				CLANG_ENABLE_OBJC_ARC = YES;
				CLANG_ENABLE_OBJC_WEAK = YES;
				CLANG_WARN_BLOCK_CAPTURE_AUTORELEASING = YES;
				CLANG_WARN_BOOL_CONVERSION = YES;
				CLANG_WARN_COMMA = YES;
				CLANG_WARN_CONSTANT_CONVERSION = YES;
				CLANG_WARN_DEPRECATED_OBJC_IMPLEMENTATIONS = YES;
				CLANG_WARN_DIRECT_OBJC_ISA_USAGE = YES_ERROR;
				CLANG_WARN_DOCUMENTATION_COMMENTS = YES;
				CLANG_WARN_EMPTY_BODY = YES;
				CLANG_WARN_ENUM_CONVERSION = YES;
				CLANG_WARN_INFINITE_RECURSION = YES;
				CLANG_WARN_INT_CONVERSION = YES;
				CLANG_WARN_NON_LITERAL_NULL_CONVERSION = YES;
				CLANG_WARN_OBJC_IMPLICIT_RETAIN_SELF = YES;
				CLANG_WARN_OBJC_LITERAL_CONVERSION = YES;
				CLANG_WARN_OBJC_ROOT_CLASS = YES_ERROR;
				CLANG_WARN_QUOTED_INCLUDE_IN_FRAMEWORK_HEADER = YES;
				CLANG_WARN_RANGE_LOOP_ANALYSIS = YES;
				CLANG_WARN_STRICT_PROTOTYPES = YES;
				CLANG_WARN_SUSPICIOUS_MOVE = YES;
				CLANG_WARN_UNGUARDED_AVAILABILITY = YES_AGGRESSIVE;
				CLANG_WARN_UNREACHABLE_CODE = YES;
				CLANG_WARN__DUPLICATE_METHOD_MATCH = YES;
				COPY_PHASE_STRIP = NO;
				CURRENT_PROJECT_VERSION = 1;
				DEBUG_INFORMATION_FORMAT = dwarf;
				ENABLE_BITCODE = NO;
				ENABLE_STRICT_OBJC_MSGSEND = YES;
				ENABLE_TESTABILITY = YES;
				EXCLUDED_ARCHS = "";
				GCC_C_LANGUAGE_STANDARD = gnu11;
				GCC_DYNAMIC_NO_PIC = NO;
				GCC_NO_COMMON_BLOCKS = YES;
				GCC_OPTIMIZATION_LEVEL = 0;
				GCC_PREPROCESSOR_DEFINITIONS = (
					"DEBUG=1",
					"$(inherited)",
				);
				GCC_WARN_64_TO_32_BIT_CONVERSION = YES;
				GCC_WARN_ABOUT_RETURN_TYPE = YES_ERROR;
				GCC_WARN_UNDECLARED_SELECTOR = YES;
				GCC_WARN_UNINITIALIZED_AUTOS = YES_AGGRESSIVE;
				GCC_WARN_UNUSED_FUNCTION = YES;
				GCC_WARN_UNUSED_VARIABLE = YES;
				IPHONEOS_DEPLOYMENT_TARGET = 11.0;
				MACOSX_DEPLOYMENT_TARGET = 10.13;
				MTL_ENABLE_DEBUG_INFO = INCLUDE_SOURCE;
				MTL_FAST_MATH = YES;
				ONLY_ACTIVE_ARCH = YES;
				OTHER_LDFLAGS_XCODE11 = "-weak_framework Combine";
				SDKROOT = macosx;
				SUPPORTED_PLATFORMS = macosx;
				SWIFT_ACTIVE_COMPILATION_CONDITIONS = DEBUG;
				SWIFT_OPTIMIZATION_LEVEL = "-Onone";
				TVOS_DEPLOYMENT_TARGET = 11.0;
				VALIDATE_WORKSPACE = YES;
				VERSIONING_SYSTEM = "apple-generic";
				VERSION_INFO_PREFIX = "";
				WATCHOS_DEPLOYMENT_TARGET = 4.0;
			};
			name = Debug;
		};
		FB80730126F32C070042B30D /* Release */ = {
			isa = XCBuildConfiguration;
			buildSettings = {
				ALWAYS_SEARCH_USER_PATHS = NO;
				CLANG_ANALYZER_NONNULL = YES;
				CLANG_ANALYZER_NUMBER_OBJECT_CONVERSION = YES_AGGRESSIVE;
				CLANG_CXX_LANGUAGE_STANDARD = "gnu++14";
				CLANG_CXX_LIBRARY = "libc++";
				CLANG_ENABLE_MODULES = YES;
				CLANG_ENABLE_OBJC_ARC = YES;
				CLANG_ENABLE_OBJC_WEAK = YES;
				CLANG_WARN_BLOCK_CAPTURE_AUTORELEASING = YES;
				CLANG_WARN_BOOL_CONVERSION = YES;
				CLANG_WARN_COMMA = YES;
				CLANG_WARN_CONSTANT_CONVERSION = YES;
				CLANG_WARN_DEPRECATED_OBJC_IMPLEMENTATIONS = YES;
				CLANG_WARN_DIRECT_OBJC_ISA_USAGE = YES_ERROR;
				CLANG_WARN_DOCUMENTATION_COMMENTS = YES;
				CLANG_WARN_EMPTY_BODY = YES;
				CLANG_WARN_ENUM_CONVERSION = YES;
				CLANG_WARN_INFINITE_RECURSION = YES;
				CLANG_WARN_INT_CONVERSION = YES;
				CLANG_WARN_NON_LITERAL_NULL_CONVERSION = YES;
				CLANG_WARN_OBJC_IMPLICIT_RETAIN_SELF = YES;
				CLANG_WARN_OBJC_LITERAL_CONVERSION = YES;
				CLANG_WARN_OBJC_ROOT_CLASS = YES_ERROR;
				CLANG_WARN_QUOTED_INCLUDE_IN_FRAMEWORK_HEADER = YES;
				CLANG_WARN_RANGE_LOOP_ANALYSIS = YES;
				CLANG_WARN_STRICT_PROTOTYPES = YES;
				CLANG_WARN_SUSPICIOUS_MOVE = YES;
				CLANG_WARN_UNGUARDED_AVAILABILITY = YES_AGGRESSIVE;
				CLANG_WARN_UNREACHABLE_CODE = YES;
				CLANG_WARN__DUPLICATE_METHOD_MATCH = YES;
				COPY_PHASE_STRIP = NO;
				CURRENT_PROJECT_VERSION = 1;
				DEBUG_INFORMATION_FORMAT = "dwarf-with-dsym";
				ENABLE_BITCODE = NO;
				ENABLE_NS_ASSERTIONS = NO;
				ENABLE_STRICT_OBJC_MSGSEND = YES;
				EXCLUDED_ARCHS = "";
				GCC_C_LANGUAGE_STANDARD = gnu11;
				GCC_NO_COMMON_BLOCKS = YES;
				GCC_WARN_64_TO_32_BIT_CONVERSION = YES;
				GCC_WARN_ABOUT_RETURN_TYPE = YES_ERROR;
				GCC_WARN_UNDECLARED_SELECTOR = YES;
				GCC_WARN_UNINITIALIZED_AUTOS = YES_AGGRESSIVE;
				GCC_WARN_UNUSED_FUNCTION = YES;
				GCC_WARN_UNUSED_VARIABLE = YES;
				IPHONEOS_DEPLOYMENT_TARGET = 11.0;
				MACOSX_DEPLOYMENT_TARGET = 10.13;
				MTL_ENABLE_DEBUG_INFO = NO;
				MTL_FAST_MATH = YES;
				OTHER_LDFLAGS_XCODE11 = "-weak_framework Combine";
				SDKROOT = macosx;
				SUPPORTED_PLATFORMS = macosx;
				SWIFT_COMPILATION_MODE = wholemodule;
				SWIFT_OPTIMIZATION_LEVEL = "-O";
				TVOS_DEPLOYMENT_TARGET = 11.0;
				VALIDATE_PRODUCT = YES;
				VALIDATE_WORKSPACE = YES;
				VERSIONING_SYSTEM = "apple-generic";
				VERSION_INFO_PREFIX = "";
				WATCHOS_DEPLOYMENT_TARGET = 4.0;
			};
			name = Release;
		};
		FB80730326F32C070042B30D /* Debug */ = {
			isa = XCBuildConfiguration;
			buildSettings = {
				ALWAYS_SEARCH_USER_PATHS = NO;
				APPLICATION_EXTENSION_API_ONLY = NO;
				CODE_SIGN_IDENTITY = "Apple Development";
				CODE_SIGN_STYLE = Automatic;
				DEFINES_MODULE = YES;
				DEVELOPMENT_TEAM = 9H89J4Z7M2;
				DYLIB_COMPATIBILITY_VERSION = 1;
				DYLIB_CURRENT_VERSION = 1;
				DYLIB_INSTALL_NAME_BASE = "@rpath";
				EXCLUDED_ARCHS = "";
				FRAMEWORK_SEARCH_PATHS = "$(PROJECT_DIR)/Carthage/Build/iOS";
				"FRAMEWORK_SEARCH_PATHS[sdk=appletvos*]" = (
					"$(inherited)",
					"$(SRCROOT)/Carthage/Build/",
					"$(SRCROOT)/Carthage/Build/tvOS",
				);
				"FRAMEWORK_SEARCH_PATHS[sdk=iphoneos*]" = (
					"$(inherited)",
					"$(SRCROOT)/Carthage/Build/",
					"$(SRCROOT)/Carthage/Build/iOS",
				);
				"FRAMEWORK_SEARCH_PATHS[sdk=macosx*]" = (
					"$(inherited)",
					"$(SRCROOT)/Carthage/Build/",
					"$(SRCROOT)/Carthage/Build/Mac",
				);
				"FRAMEWORK_SEARCH_PATHS[sdk=watchos*]" = (
					"$(inherited)",
					"$(SRCROOT)/Carthage/Build/",
					"$(SRCROOT)/Carthage/Build/watchOS",
				);
				INFOPLIST_FILE = "Sources/Supporting Files/Info.plist";
				INSTALL_PATH = "$(LOCAL_LIBRARY_DIR)/Frameworks";
				LD_RUNPATH_SEARCH_PATHS = (
					"$(inherited)",
					"@executable_path/Frameworks",
					"@loader_path/Frameworks",
				);
				MACOSX_DEPLOYMENT_TARGET = 10.12;
				PRODUCT_BUNDLE_IDENTIFIER = com.shannonyang.SYMoyaNetwork;
				PRODUCT_NAME = "$(TARGET_NAME:c99extidentifier)";
				PROVISIONING_PROFILE_SPECIFIER = "";
				SDKROOT = auto;
				SKIP_INSTALL = YES;
				SUPPORTED_PLATFORMS = "appletvos appletvsimulator iphoneos iphonesimulator macosx watchos watchsimulator";
				SUPPORTS_MACCATALYST = NO;
				SUPPORTS_MAC_DESIGNED_FOR_IPHONE_IPAD = NO;
				SWIFT_VERSION = 5.0;
				TARGETED_DEVICE_FAMILY = "1,2,3,4";
			};
			name = Debug;
		};
		FB80730426F32C070042B30D /* Release */ = {
			isa = XCBuildConfiguration;
			buildSettings = {
				ALWAYS_SEARCH_USER_PATHS = NO;
				APPLICATION_EXTENSION_API_ONLY = NO;
				CODE_SIGN_IDENTITY = "Apple Development";
				CODE_SIGN_STYLE = Automatic;
				DEFINES_MODULE = YES;
				DEVELOPMENT_TEAM = 9H89J4Z7M2;
				DYLIB_COMPATIBILITY_VERSION = 1;
				DYLIB_CURRENT_VERSION = 1;
				DYLIB_INSTALL_NAME_BASE = "@rpath";
				EXCLUDED_ARCHS = "";
				FRAMEWORK_SEARCH_PATHS = (
					"$(SRCROOT)/Carthage/Build/",
					"$(inherited)",
					"$(SRCROOT)/Carthage/Build/watchOS",
					"$(PROJECT_DIR)/Carthage/Build/iOS",
				);
				"FRAMEWORK_SEARCH_PATHS[sdk=appletvos*]" = (
					"$(SRCROOT)/Carthage/Build/",
					"$(inherited)",
					"$(SRCROOT)/Carthage/Build/tvOS",
				);
				"FRAMEWORK_SEARCH_PATHS[sdk=iphoneos*]" = (
					"$(SRCROOT)/Carthage/Build/",
					"$(inherited)",
					"$(SRCROOT)/Carthage/Build/iOS",
				);
				"FRAMEWORK_SEARCH_PATHS[sdk=macosx*]" = (
					"$(SRCROOT)/Carthage/Build/",
					"$(inherited)",
					"$(SRCROOT)/Carthage/Build/Mac",
				);
				"FRAMEWORK_SEARCH_PATHS[sdk=watchos*]" = (
					"$(SRCROOT)/Carthage/Build/",
					"$(inherited)",
					"$(SRCROOT)/Carthage/Build/watchOS",
				);
				INFOPLIST_FILE = "Sources/Supporting Files/Info.plist";
				INSTALL_PATH = "$(LOCAL_LIBRARY_DIR)/Frameworks";
				LD_RUNPATH_SEARCH_PATHS = (
					"$(inherited)",
					"@executable_path/Frameworks",
					"@loader_path/Frameworks",
				);
				MACOSX_DEPLOYMENT_TARGET = 10.12;
				PRODUCT_BUNDLE_IDENTIFIER = com.shannonyang.SYMoyaNetwork;
				PRODUCT_NAME = "$(TARGET_NAME:c99extidentifier)";
				PROVISIONING_PROFILE_SPECIFIER = "";
				SDKROOT = auto;
				SKIP_INSTALL = YES;
				SUPPORTED_PLATFORMS = "appletvos appletvsimulator iphoneos iphonesimulator macosx watchos watchsimulator";
				SUPPORTS_MACCATALYST = NO;
				SUPPORTS_MAC_DESIGNED_FOR_IPHONE_IPAD = NO;
				SWIFT_VERSION = 5.0;
				TARGETED_DEVICE_FAMILY = "1,2,3,4";
			};
			name = Release;
		};
		FB80730626F32C070042B30D /* Debug */ = {
			isa = XCBuildConfiguration;
			buildSettings = {
				ALWAYS_EMBED_SWIFT_STANDARD_LIBRARIES = YES;
				CODE_SIGN_STYLE = Automatic;
				DEVELOPMENT_TEAM = 9H89J4Z7M2;
				INFOPLIST_FILE = SYMoyaNetworkTests/Info.plist;
				LD_RUNPATH_SEARCH_PATHS = (
					"$(inherited)",
					"@executable_path/Frameworks",
					"@loader_path/Frameworks",
				);
				PRODUCT_BUNDLE_IDENTIFIER = com.shannonyang.SYMoyaNetwork.SYMoyaNetworkTests;
				PRODUCT_NAME = "$(TARGET_NAME)";
				SDKROOT = auto;
				SWIFT_VERSION = 5.0;
				TARGETED_DEVICE_FAMILY = "1,2";
			};
			name = Debug;
		};
		FB80730726F32C070042B30D /* Release */ = {
			isa = XCBuildConfiguration;
			buildSettings = {
				ALWAYS_EMBED_SWIFT_STANDARD_LIBRARIES = YES;
				CODE_SIGN_STYLE = Automatic;
				DEVELOPMENT_TEAM = 9H89J4Z7M2;
				INFOPLIST_FILE = SYMoyaNetworkTests/Info.plist;
				LD_RUNPATH_SEARCH_PATHS = (
					"$(inherited)",
					"@executable_path/Frameworks",
					"@loader_path/Frameworks",
				);
				PRODUCT_BUNDLE_IDENTIFIER = com.shannonyang.SYMoyaNetwork.SYMoyaNetworkTests;
				PRODUCT_NAME = "$(TARGET_NAME)";
				SDKROOT = auto;
				SWIFT_VERSION = 5.0;
				TARGETED_DEVICE_FAMILY = "1,2";
			};
			name = Release;
		};
		FB9E2CE728A204B6001F73FC /* Debug */ = {
			isa = XCBuildConfiguration;
			buildSettings = {
				ASSETCATALOG_COMPILER_APPICON_NAME = AppIcon;
				ASSETCATALOG_COMPILER_GLOBAL_ACCENT_COLOR_NAME = AccentColor;
				CLANG_CXX_LANGUAGE_STANDARD = "gnu++17";
				CODE_SIGN_STYLE = Automatic;
				CURRENT_PROJECT_VERSION = 1;
				DEVELOPMENT_TEAM = 9H89J4Z7M2;
				FRAMEWORK_SEARCH_PATHS = (
					"$(inherited)",
					"$(PROJECT_DIR)/Carthage/Build/iOS",
				);
				GENERATE_INFOPLIST_FILE = YES;
				INFOPLIST_FILE = SYMoyaNetworkExample/Info.plist;
				INFOPLIST_KEY_UIApplicationSupportsIndirectInputEvents = YES;
				INFOPLIST_KEY_UILaunchStoryboardName = LaunchScreen;
				INFOPLIST_KEY_UIMainStoryboardFile = Main;
				INFOPLIST_KEY_UISupportedInterfaceOrientations_iPad = "UIInterfaceOrientationPortrait UIInterfaceOrientationPortraitUpsideDown UIInterfaceOrientationLandscapeLeft UIInterfaceOrientationLandscapeRight";
				INFOPLIST_KEY_UISupportedInterfaceOrientations_iPhone = "UIInterfaceOrientationPortrait UIInterfaceOrientationLandscapeLeft UIInterfaceOrientationLandscapeRight";
				IPHONEOS_DEPLOYMENT_TARGET = 11.0;
				LD_RUNPATH_SEARCH_PATHS = (
					"$(inherited)",
					"@executable_path/Frameworks",
				);
				MARKETING_VERSION = 1.0;
				PRODUCT_BUNDLE_IDENTIFIER = com.shannonyang.SYMoyaNetwork.SYMoyaNetworkExample;
				PRODUCT_NAME = "$(TARGET_NAME)";
				SUPPORTED_PLATFORMS = "appletvos appletvsimulator iphoneos iphonesimulator macosx";
				SUPPORTS_MACCATALYST = NO;
				SUPPORTS_MAC_DESIGNED_FOR_IPHONE_IPAD = NO;
				SWIFT_EMIT_LOC_STRINGS = YES;
				SWIFT_VERSION = 5.0;
				TARGETED_DEVICE_FAMILY = "1,2,3";
			};
			name = Debug;
		};
		FB9E2CE828A204B6001F73FC /* Release */ = {
			isa = XCBuildConfiguration;
			buildSettings = {
				ASSETCATALOG_COMPILER_APPICON_NAME = AppIcon;
				ASSETCATALOG_COMPILER_GLOBAL_ACCENT_COLOR_NAME = AccentColor;
				CLANG_CXX_LANGUAGE_STANDARD = "gnu++17";
				CODE_SIGN_STYLE = Automatic;
				CURRENT_PROJECT_VERSION = 1;
				DEVELOPMENT_TEAM = 9H89J4Z7M2;
				FRAMEWORK_SEARCH_PATHS = (
					"$(inherited)",
					"$(PROJECT_DIR)/Carthage/Build/iOS",
				);
				GENERATE_INFOPLIST_FILE = YES;
				INFOPLIST_FILE = SYMoyaNetworkExample/Info.plist;
				INFOPLIST_KEY_UIApplicationSupportsIndirectInputEvents = YES;
				INFOPLIST_KEY_UILaunchStoryboardName = LaunchScreen;
				INFOPLIST_KEY_UIMainStoryboardFile = Main;
				INFOPLIST_KEY_UISupportedInterfaceOrientations_iPad = "UIInterfaceOrientationPortrait UIInterfaceOrientationPortraitUpsideDown UIInterfaceOrientationLandscapeLeft UIInterfaceOrientationLandscapeRight";
				INFOPLIST_KEY_UISupportedInterfaceOrientations_iPhone = "UIInterfaceOrientationPortrait UIInterfaceOrientationLandscapeLeft UIInterfaceOrientationLandscapeRight";
				IPHONEOS_DEPLOYMENT_TARGET = 11.0;
				LD_RUNPATH_SEARCH_PATHS = (
					"$(inherited)",
					"@executable_path/Frameworks",
				);
				MARKETING_VERSION = 1.0;
				PRODUCT_BUNDLE_IDENTIFIER = com.shannonyang.SYMoyaNetwork.SYMoyaNetworkExample;
				PRODUCT_NAME = "$(TARGET_NAME)";
				SUPPORTED_PLATFORMS = "appletvos appletvsimulator iphoneos iphonesimulator macosx";
				SUPPORTS_MACCATALYST = NO;
				SUPPORTS_MAC_DESIGNED_FOR_IPHONE_IPAD = NO;
				SWIFT_EMIT_LOC_STRINGS = YES;
				SWIFT_VERSION = 5.0;
				TARGETED_DEVICE_FAMILY = "1,2,3";
			};
			name = Release;
		};
		FB9E2CE928A204B6001F73FC /* Debug */ = {
			isa = XCBuildConfiguration;
			buildSettings = {
				ALWAYS_EMBED_SWIFT_STANDARD_LIBRARIES = YES;
				BUNDLE_LOADER = "$(TEST_HOST)";
				CLANG_CXX_LANGUAGE_STANDARD = "gnu++17";
				CODE_SIGN_STYLE = Automatic;
				CURRENT_PROJECT_VERSION = 1;
				DEVELOPMENT_TEAM = 9H89J4Z7M2;
				GENERATE_INFOPLIST_FILE = YES;
				IPHONEOS_DEPLOYMENT_TARGET = 15.5;
				MARKETING_VERSION = 1.0;
				PRODUCT_BUNDLE_IDENTIFIER = com.shannonyang.SYMoyaNetwork.SYMoyaNetworkExampleTests;
				PRODUCT_NAME = "$(TARGET_NAME)";
				SWIFT_EMIT_LOC_STRINGS = NO;
				SWIFT_VERSION = 5.0;
				TARGETED_DEVICE_FAMILY = "1,2";
				TEST_HOST = "$(BUILT_PRODUCTS_DIR)/SYMoyaNetworkExample.app/SYMoyaNetworkExample";
			};
			name = Debug;
		};
		FB9E2CEA28A204B6001F73FC /* Release */ = {
			isa = XCBuildConfiguration;
			buildSettings = {
				ALWAYS_EMBED_SWIFT_STANDARD_LIBRARIES = YES;
				BUNDLE_LOADER = "$(TEST_HOST)";
				CLANG_CXX_LANGUAGE_STANDARD = "gnu++17";
				CODE_SIGN_STYLE = Automatic;
				CURRENT_PROJECT_VERSION = 1;
				DEVELOPMENT_TEAM = 9H89J4Z7M2;
				GENERATE_INFOPLIST_FILE = YES;
				IPHONEOS_DEPLOYMENT_TARGET = 15.5;
				MARKETING_VERSION = 1.0;
				PRODUCT_BUNDLE_IDENTIFIER = com.shannonyang.SYMoyaNetwork.SYMoyaNetworkExampleTests;
				PRODUCT_NAME = "$(TARGET_NAME)";
				SWIFT_EMIT_LOC_STRINGS = NO;
				SWIFT_VERSION = 5.0;
				TARGETED_DEVICE_FAMILY = "1,2";
				TEST_HOST = "$(BUILT_PRODUCTS_DIR)/SYMoyaNetworkExample.app/SYMoyaNetworkExample";
			};
			name = Release;
		};
		FB9E2CEB28A204B6001F73FC /* Debug */ = {
			isa = XCBuildConfiguration;
			buildSettings = {
				ALWAYS_EMBED_SWIFT_STANDARD_LIBRARIES = YES;
				CLANG_CXX_LANGUAGE_STANDARD = "gnu++17";
				CODE_SIGN_STYLE = Automatic;
				CURRENT_PROJECT_VERSION = 1;
				DEVELOPMENT_TEAM = 9H89J4Z7M2;
				GENERATE_INFOPLIST_FILE = YES;
				IPHONEOS_DEPLOYMENT_TARGET = 15.5;
				MARKETING_VERSION = 1.0;
				PRODUCT_BUNDLE_IDENTIFIER = com.shannonyang.SYMoyaNetwork.SYMoyaNetworkExampleUITests;
				PRODUCT_NAME = "$(TARGET_NAME)";
				SWIFT_EMIT_LOC_STRINGS = NO;
				SWIFT_VERSION = 5.0;
				TARGETED_DEVICE_FAMILY = "1,2";
				TEST_TARGET_NAME = SYMoyaNetworkExample;
			};
			name = Debug;
		};
		FB9E2CEC28A204B6001F73FC /* Release */ = {
			isa = XCBuildConfiguration;
			buildSettings = {
				ALWAYS_EMBED_SWIFT_STANDARD_LIBRARIES = YES;
				CLANG_CXX_LANGUAGE_STANDARD = "gnu++17";
				CODE_SIGN_STYLE = Automatic;
				CURRENT_PROJECT_VERSION = 1;
				DEVELOPMENT_TEAM = 9H89J4Z7M2;
				GENERATE_INFOPLIST_FILE = YES;
				IPHONEOS_DEPLOYMENT_TARGET = 15.5;
				MARKETING_VERSION = 1.0;
				PRODUCT_BUNDLE_IDENTIFIER = com.shannonyang.SYMoyaNetwork.SYMoyaNetworkExampleUITests;
				PRODUCT_NAME = "$(TARGET_NAME)";
				SWIFT_EMIT_LOC_STRINGS = NO;
				SWIFT_VERSION = 5.0;
				TARGETED_DEVICE_FAMILY = "1,2";
				TEST_TARGET_NAME = SYMoyaNetworkExample;
			};
			name = Release;
		};
/* End XCBuildConfiguration section */

/* Begin XCConfigurationList section */
		FB45ACC3288BEC2900626EA7 /* Build configuration list for PBXNativeTarget "SYObjectMapper" */ = {
			isa = XCConfigurationList;
			buildConfigurations = (
				FB45ACC4288BEC2900626EA7 /* Debug */,
				FB45ACC5288BEC2900626EA7 /* Release */,
			);
			defaultConfigurationIsVisible = 0;
			defaultConfigurationName = Release;
		};
		FB45ACD1288BEC8F00626EA7 /* Build configuration list for PBXNativeTarget "SYHandyJSON" */ = {
			isa = XCConfigurationList;
			buildConfigurations = (
				FB45ACD2288BEC8F00626EA7 /* Debug */,
				FB45ACD3288BEC8F00626EA7 /* Release */,
			);
			defaultConfigurationIsVisible = 0;
			defaultConfigurationName = Release;
		};
		FB8072E826F32C070042B30D /* Build configuration list for PBXProject "SYMoyaNetwork" */ = {
			isa = XCConfigurationList;
			buildConfigurations = (
				FB80730026F32C070042B30D /* Debug */,
				FB80730126F32C070042B30D /* Release */,
			);
			defaultConfigurationIsVisible = 0;
			defaultConfigurationName = Release;
		};
		FB80730226F32C070042B30D /* Build configuration list for PBXNativeTarget "SYMoyaNetwork" */ = {
			isa = XCConfigurationList;
			buildConfigurations = (
				FB80730326F32C070042B30D /* Debug */,
				FB80730426F32C070042B30D /* Release */,
			);
			defaultConfigurationIsVisible = 0;
			defaultConfigurationName = Release;
		};
		FB80730526F32C070042B30D /* Build configuration list for PBXNativeTarget "SYMoyaNetworkTests" */ = {
			isa = XCConfigurationList;
			buildConfigurations = (
				FB80730626F32C070042B30D /* Debug */,
				FB80730726F32C070042B30D /* Release */,
			);
			defaultConfigurationIsVisible = 0;
			defaultConfigurationName = Release;
		};
		FB9E2CED28A204B6001F73FC /* Build configuration list for PBXNativeTarget "SYMoyaNetworkExample" */ = {
			isa = XCConfigurationList;
			buildConfigurations = (
				FB9E2CE728A204B6001F73FC /* Debug */,
				FB9E2CE828A204B6001F73FC /* Release */,
			);
			defaultConfigurationIsVisible = 0;
			defaultConfigurationName = Release;
		};
		FB9E2CEE28A204B6001F73FC /* Build configuration list for PBXNativeTarget "SYMoyaNetworkExampleTests" */ = {
			isa = XCConfigurationList;
			buildConfigurations = (
				FB9E2CE928A204B6001F73FC /* Debug */,
				FB9E2CEA28A204B6001F73FC /* Release */,
			);
			defaultConfigurationIsVisible = 0;
			defaultConfigurationName = Release;
		};
		FB9E2CEF28A204B6001F73FC /* Build configuration list for PBXNativeTarget "SYMoyaNetworkExampleUITests" */ = {
			isa = XCConfigurationList;
			buildConfigurations = (
				FB9E2CEB28A204B6001F73FC /* Debug */,
				FB9E2CEC28A204B6001F73FC /* Release */,
			);
			defaultConfigurationIsVisible = 0;
			defaultConfigurationName = Release;
		};
/* End XCConfigurationList section */
	};
	rootObject = FB8072E526F32C070042B30D /* Project object */;
}
